PODS:
  - Alamofire (5.6.4)
  - Kingfisher (7.4.1)

DEPENDENCIES:
  - Alamofire (~> 5.6.2)
  - Kingfisher (~> 7.0)

SPEC REPOS:
  trunk:
    - Alamofire
    - Kingfisher

SPEC CHECKSUMS:
  Alamofire: 4e95d97098eacb88856099c4fc79b526a299e48c
  Kingfisher: cd762a593a61b2fbecf7645c00f9a801a3ebfc9c

PODFILE CHECKSUM: cb5cbcf8dce7b1e993d3955c7fb4926ef15c934b

COCOAPODS: 1.11.3
