// !$*UTF8*$!
{
	archiveVersion = 1;
	classes = {
	};
	objectVersion = 56;
	objects = {

/* Begin PBXBuildFile section */
		0F1986ED5AC5188187FC6E91 /* Pods_Infraestructure.framework in Frameworks */ = {isa = PBXBuildFile; fileRef = E1934CE131CBD39386612F16 /* Pods_Infraestructure.framework */; };
		B40CF2DB2928322100D4E97E /* LocationRepositoryImpl.swift in Sources */ = {isa = PBXBuildFile; fileRef = B40CF2DA2928322100D4E97E /* LocationRepositoryImpl.swift */; };
		B40CF2E22928353E00D4E97E /* LocationPermissionCheckerImpl.swift in Sources */ = {isa = PBXBuildFile; fileRef = B40CF2E12928353E00D4E97E /* LocationPermissionCheckerImpl.swift */; };
		B415299C292EB08700E026DE /* MovieTypeTranslator.swift in Sources */ = {isa = PBXBuildFile; fileRef = B415299B292EB08700E026DE /* MovieTypeTranslator.swift */; };
		B4299016293148A200B3D015 /* MovieTypeDB+CoreDataClass.swift in Sources */ = {isa = PBXBuildFile; fileRef = B4299012293148A200B3D015 /* MovieTypeDB+CoreDataClass.swift */; };
		B4299017293148A200B3D015 /* MovieDB+CoreDataProperties.swift in Sources */ = {isa = PBXBuildFile; fileRef = B4299013293148A200B3D015 /* MovieDB+CoreDataProperties.swift */; };
		B4299018293148A200B3D015 /* MovieDB+CoreDataClass.swift in Sources */ = {isa = PBXBuildFile; fileRef = B4299014293148A200B3D015 /* MovieDB+CoreDataClass.swift */; };
		B4299019293148A200B3D015 /* MovieTypeDB+CoreDataProperties.swift in Sources */ = {isa = PBXBuildFile; fileRef = B4299015293148A200B3D015 /* MovieTypeDB+CoreDataProperties.swift */; };
		B433E846291AFC1D0075DCDD /* Domain.framework in Frameworks */ = {isa = PBXBuildFile; fileRef = B433E845291AFC1D0075DCDD /* Domain.framework */; };
		B433E847291AFC1D0075DCDD /* Domain.framework in Embed Frameworks */ = {isa = PBXBuildFile; fileRef = B433E845291AFC1D0075DCDD /* Domain.framework */; settings = {ATTRIBUTES = (CodeSignOnCopy, RemoveHeadersOnCopy, ); }; };
		B43A41E329086F1E00A877E1 /* MovieCoreDataRepositoy.swift in Sources */ = {isa = PBXBuildFile; fileRef = B43A41E229086F1E00A877E1 /* MovieCoreDataRepositoy.swift */; };
		B43A41E5290870FD00A877E1 /* CoreDataStack.swift in Sources */ = {isa = PBXBuildFile; fileRef = B43A41E4290870FD00A877E1 /* CoreDataStack.swift */; };
		B43C7F602901FAC1005A893C /* Infraestructure.h in Headers */ = {isa = PBXBuildFile; fileRef = B43C7F5F2901FAC1005A893C /* Infraestructure.h */; settings = {ATTRIBUTES = (Public, ); }; };
		B43C7F8229020F1B005A893C /* MovieApiRepository.swift in Sources */ = {isa = PBXBuildFile; fileRef = B43C7F8129020F1B005A893C /* MovieApiRepository.swift */; };
		B43C7F8829021713005A893C /* ApiCaller.swift in Sources */ = {isa = PBXBuildFile; fileRef = B43C7F8729021713005A893C /* ApiCaller.swift */; };
		B4BBC51D293647EB006B29F3 /* MovieProxy.swift in Sources */ = {isa = PBXBuildFile; fileRef = B4BBC51C293647EB006B29F3 /* MovieProxy.swift */; };
		B4BBC52229366497006B29F3 /* Helper.swift in Sources */ = {isa = PBXBuildFile; fileRef = B4BBC52129366497006B29F3 /* Helper.swift */; };
		B4E57C032903002400D2916D /* MovieResult.swift in Sources */ = {isa = PBXBuildFile; fileRef = B4E57C022903002400D2916D /* MovieResult.swift */; };
		B4E57C05290333B600D2916D /* MovieTranslator.swift in Sources */ = {isa = PBXBuildFile; fileRef = B4E57C04290333B600D2916D /* MovieTranslator.swift */; };
		B4FDD5C1290891D8002E3EDA /* Movie.xcdatamodeld in Sources */ = {isa = PBXBuildFile; fileRef = B4FDD5BF290891D8002E3EDA /* Movie.xcdatamodeld */; };
/* End PBXBuildFile section */

/* Begin PBXCopyFilesBuildPhase section */
		B433E848291AFC1D0075DCDD /* Embed Frameworks */ = {
			isa = PBXCopyFilesBuildPhase;
			buildActionMask = 2147483647;
			dstPath = "";
			dstSubfolderSpec = 10;
			files = (
				B433E847291AFC1D0075DCDD /* Domain.framework in Embed Frameworks */,
			);
			name = "Embed Frameworks";
			runOnlyForDeploymentPostprocessing = 0;
		};
/* End PBXCopyFilesBuildPhase section */

/* Begin PBXFileReference section */
		2CD432C180DA239CEAD81926 /* Pods-Infraestructure.debug.xcconfig */ = {isa = PBXFileReference; includeInIndex = 1; lastKnownFileType = text.xcconfig; name = "Pods-Infraestructure.debug.xcconfig"; path = "Target Support Files/Pods-Infraestructure/Pods-Infraestructure.debug.xcconfig"; sourceTree = "<group>"; };
		7166A976CA8BEDAE08A81C62 /* Pods-Infraestructure.release.xcconfig */ = {isa = PBXFileReference; includeInIndex = 1; lastKnownFileType = text.xcconfig; name = "Pods-Infraestructure.release.xcconfig"; path = "Target Support Files/Pods-Infraestructure/Pods-Infraestructure.release.xcconfig"; sourceTree = "<group>"; };
		B40CF2DA2928322100D4E97E /* LocationRepositoryImpl.swift */ = {isa = PBXFileReference; lastKnownFileType = sourcecode.swift; path = LocationRepositoryImpl.swift; sourceTree = "<group>"; };
		B40CF2E12928353E00D4E97E /* LocationPermissionCheckerImpl.swift */ = {isa = PBXFileReference; lastKnownFileType = sourcecode.swift; path = LocationPermissionCheckerImpl.swift; sourceTree = "<group>"; };
		B415299B292EB08700E026DE /* MovieTypeTranslator.swift */ = {isa = PBXFileReference; lastKnownFileType = sourcecode.swift; path = MovieTypeTranslator.swift; sourceTree = "<group>"; };
		B4299012293148A200B3D015 /* MovieTypeDB+CoreDataClass.swift */ = {isa = PBXFileReference; fileEncoding = 4; lastKnownFileType = sourcecode.swift; path = "MovieTypeDB+CoreDataClass.swift"; sourceTree = "<group>"; };
		B4299013293148A200B3D015 /* MovieDB+CoreDataProperties.swift */ = {isa = PBXFileReference; fileEncoding = 4; lastKnownFileType = sourcecode.swift; path = "MovieDB+CoreDataProperties.swift"; sourceTree = "<group>"; };
		B4299014293148A200B3D015 /* MovieDB+CoreDataClass.swift */ = {isa = PBXFileReference; fileEncoding = 4; lastKnownFileType = sourcecode.swift; path = "MovieDB+CoreDataClass.swift"; sourceTree = "<group>"; };
		B4299015293148A200B3D015 /* MovieTypeDB+CoreDataProperties.swift */ = {isa = PBXFileReference; fileEncoding = 4; lastKnownFileType = sourcecode.swift; path = "MovieTypeDB+CoreDataProperties.swift"; sourceTree = "<group>"; };
		B433E845291AFC1D0075DCDD /* Domain.framework */ = {isa = PBXFileReference; explicitFileType = wrapper.framework; path = Domain.framework; sourceTree = BUILT_PRODUCTS_DIR; };
		B43A41E229086F1E00A877E1 /* MovieCoreDataRepositoy.swift */ = {isa = PBXFileReference; lastKnownFileType = sourcecode.swift; path = MovieCoreDataRepositoy.swift; sourceTree = "<group>"; };
		B43A41E4290870FD00A877E1 /* CoreDataStack.swift */ = {isa = PBXFileReference; lastKnownFileType = sourcecode.swift; path = CoreDataStack.swift; sourceTree = "<group>"; };
		B43C7F5C2901FAC1005A893C /* Infraestructure.framework */ = {isa = PBXFileReference; explicitFileType = wrapper.framework; includeInIndex = 0; path = Infraestructure.framework; sourceTree = BUILT_PRODUCTS_DIR; };
		B43C7F5F2901FAC1005A893C /* Infraestructure.h */ = {isa = PBXFileReference; lastKnownFileType = sourcecode.c.h; path = Infraestructure.h; sourceTree = "<group>"; };
		B43C7F6D29020AB7005A893C /* Domain.framework */ = {isa = PBXFileReference; explicitFileType = wrapper.framework; path = Domain.framework; sourceTree = BUILT_PRODUCTS_DIR; };
		B43C7F8129020F1B005A893C /* MovieApiRepository.swift */ = {isa = PBXFileReference; lastKnownFileType = sourcecode.swift; path = MovieApiRepository.swift; sourceTree = "<group>"; };
		B43C7F832902105C005A893C /* Domain.framework */ = {isa = PBXFileReference; explicitFileType = wrapper.framework; path = Domain.framework; sourceTree = BUILT_PRODUCTS_DIR; };
		B43C7F8729021713005A893C /* ApiCaller.swift */ = {isa = PBXFileReference; lastKnownFileType = sourcecode.swift; path = ApiCaller.swift; sourceTree = "<group>"; };
		B4BBC51C293647EB006B29F3 /* MovieProxy.swift */ = {isa = PBXFileReference; lastKnownFileType = sourcecode.swift; path = MovieProxy.swift; sourceTree = "<group>"; };
		B4BBC52129366497006B29F3 /* Helper.swift */ = {isa = PBXFileReference; lastKnownFileType = sourcecode.swift; path = Helper.swift; sourceTree = "<group>"; };
		B4E57C022903002400D2916D /* MovieResult.swift */ = {isa = PBXFileReference; lastKnownFileType = sourcecode.swift; path = MovieResult.swift; sourceTree = "<group>"; };
		B4E57C04290333B600D2916D /* MovieTranslator.swift */ = {isa = PBXFileReference; lastKnownFileType = sourcecode.swift; path = MovieTranslator.swift; sourceTree = "<group>"; };
		B4FDD5C0290891D8002E3EDA /* Movie.xcdatamodel */ = {isa = PBXFileReference; lastKnownFileType = wrapper.xcdatamodel; path = Movie.xcdatamodel; sourceTree = "<group>"; };
		E1934CE131CBD39386612F16 /* Pods_Infraestructure.framework */ = {isa = PBXFileReference; explicitFileType = wrapper.framework; includeInIndex = 0; path = Pods_Infraestructure.framework; sourceTree = BUILT_PRODUCTS_DIR; };
/* End PBXFileReference section */

/* Begin PBXFrameworksBuildPhase section */
		B43C7F592901FAC1005A893C /* Frameworks */ = {
			isa = PBXFrameworksBuildPhase;
			buildActionMask = 2147483647;
			files = (
				B433E846291AFC1D0075DCDD /* Domain.framework in Frameworks */,
				0F1986ED5AC5188187FC6E91 /* Pods_Infraestructure.framework in Frameworks */,
			);
			runOnlyForDeploymentPostprocessing = 0;
		};
/* End PBXFrameworksBuildPhase section */

/* Begin PBXGroup section */
		B40118EE29097AD800D86716 /* Anticorruption */ = {
			isa = PBXGroup;
			children = (
				B4E57C04290333B600D2916D /* MovieTranslator.swift */,
				B415299B292EB08700E026DE /* MovieTypeTranslator.swift */,
			);
			path = Anticorruption;
			sourceTree = "<group>";
		};
		B40118EF29097AEC00D86716 /* Repositories */ = {
			isa = PBXGroup;
			children = (
				B43A41E229086F1E00A877E1 /* MovieCoreDataRepositoy.swift */,
				B43C7F8129020F1B005A893C /* MovieApiRepository.swift */,
				B4BBC51C293647EB006B29F3 /* MovieProxy.swift */,
			);
			path = Repositories;
			sourceTree = "<group>";
		};
		B40118F029097B0F00D86716 /* Api */ = {
			isa = PBXGroup;
			children = (
				B40118F129097B1900D86716 /* Entity */,
				B43C7F8729021713005A893C /* ApiCaller.swift */,
			);
			path = Api;
			sourceTree = "<group>";
		};
		B40118F129097B1900D86716 /* Entity */ = {
			isa = PBXGroup;
			children = (
				B4E57C022903002400D2916D /* MovieResult.swift */,
			);
			path = Entity;
			sourceTree = "<group>";
		};
		B40CF2D8292831FB00D4E97E /* Location */ = {
			isa = PBXGroup;
			children = (
				B40CF2D92928320900D4E97E /* repository */,
			);
			path = Location;
			sourceTree = "<group>";
		};
		B40CF2D92928320900D4E97E /* repository */ = {
			isa = PBXGroup;
			children = (
				B40CF2DA2928322100D4E97E /* LocationRepositoryImpl.swift */,
			);
			path = repository;
			sourceTree = "<group>";
		};
		B40CF2E02928352300D4E97E /* Permission */ = {
			isa = PBXGroup;
			children = (
				B40CF2E12928353E00D4E97E /* LocationPermissionCheckerImpl.swift */,
			);
			path = Permission;
			sourceTree = "<group>";
		};
		B43A41A62908629000A877E1 /* Database */ = {
			isa = PBXGroup;
			children = (
				B4FDD5BF290891D8002E3EDA /* Movie.xcdatamodeld */,
				B43A41AA290865E600A877E1 /* Entity */,
			);
			path = Database;
			sourceTree = "<group>";
		};
		B43A41AA290865E600A877E1 /* Entity */ = {
			isa = PBXGroup;
			children = (
				B4299014293148A200B3D015 /* MovieDB+CoreDataClass.swift */,
				B4299013293148A200B3D015 /* MovieDB+CoreDataProperties.swift */,
				B4299012293148A200B3D015 /* MovieTypeDB+CoreDataClass.swift */,
				B4299015293148A200B3D015 /* MovieTypeDB+CoreDataProperties.swift */,
			);
			path = Entity;
			sourceTree = "<group>";
		};
		B43C7F522901FAC1005A893C = {
			isa = PBXGroup;
			children = (
				B43C7F5E2901FAC1005A893C /* Infraestructure */,
				B43C7F5D2901FAC1005A893C /* Products */,
				B43C7F6C29020AB7005A893C /* Frameworks */,
				E5DE9D6B71B0805501CA5F9A /* Pods */,
			);
			sourceTree = "<group>";
		};
		B43C7F5D2901FAC1005A893C /* Products */ = {
			isa = PBXGroup;
			children = (
				B43C7F5C2901FAC1005A893C /* Infraestructure.framework */,
			);
			name = Products;
			sourceTree = "<group>";
		};
		B43C7F5E2901FAC1005A893C /* Infraestructure */ = {
			isa = PBXGroup;
			children = (
				B4BBC5202936647A006B29F3 /* Helper */,
				B40CF2E02928352300D4E97E /* Permission */,
				B40CF2D8292831FB00D4E97E /* Location */,
				B4418FA829241B04004F1F27 /* Shared */,
				B4418FA729241AD4004F1F27 /* Movie */,
				B43A41A62908629000A877E1 /* Database */,
				B43C7F5F2901FAC1005A893C /* Infraestructure.h */,
			);
			path = Infraestructure;
			sourceTree = "<group>";
		};
		B43C7F6C29020AB7005A893C /* Frameworks */ = {
			isa = PBXGroup;
			children = (
				B433E845291AFC1D0075DCDD /* Domain.framework */,
				B43C7F832902105C005A893C /* Domain.framework */,
				B43C7F6D29020AB7005A893C /* Domain.framework */,
				E1934CE131CBD39386612F16 /* Pods_Infraestructure.framework */,
			);
			name = Frameworks;
			sourceTree = "<group>";
		};
		B4418FA729241AD4004F1F27 /* Movie */ = {
			isa = PBXGroup;
			children = (
				B40118EF29097AEC00D86716 /* Repositories */,
				B40118EE29097AD800D86716 /* Anticorruption */,
				B40118F029097B0F00D86716 /* Api */,
			);
			path = Movie;
			sourceTree = "<group>";
		};
		B4418FA829241B04004F1F27 /* Shared */ = {
			isa = PBXGroup;
			children = (
				B43A41E4290870FD00A877E1 /* CoreDataStack.swift */,
			);
			path = Shared;
			sourceTree = "<group>";
		};
		B4BBC5202936647A006B29F3 /* Helper */ = {
			isa = PBXGroup;
			children = (
				B4BBC52129366497006B29F3 /* Helper.swift */,
			);
			path = Helper;
			sourceTree = "<group>";
		};
		E5DE9D6B71B0805501CA5F9A /* Pods */ = {
			isa = PBXGroup;
			children = (
				2CD432C180DA239CEAD81926 /* Pods-Infraestructure.debug.xcconfig */,
				7166A976CA8BEDAE08A81C62 /* Pods-Infraestructure.release.xcconfig */,
			);
			name = Pods;
			path = ../Pods;
			sourceTree = "<group>";
		};
/* End PBXGroup section */

/* Begin PBXHeadersBuildPhase section */
		B43C7F572901FAC1005A893C /* Headers */ = {
			isa = PBXHeadersBuildPhase;
			buildActionMask = 2147483647;
			files = (
				B43C7F602901FAC1005A893C /* Infraestructure.h in Headers */,
			);
			runOnlyForDeploymentPostprocessing = 0;
		};
/* End PBXHeadersBuildPhase section */

/* Begin PBXNativeTarget section */
		B43C7F5B2901FAC1005A893C /* Infraestructure */ = {
			isa = PBXNativeTarget;
			buildConfigurationList = B43C7F632901FAC1005A893C /* Build configuration list for PBXNativeTarget "Infraestructure" */;
			buildPhases = (
				F76EB67C0F9D986D330DF60A /* [CP] Check Pods Manifest.lock */,
				B43C7F572901FAC1005A893C /* Headers */,
				B43C7F582901FAC1005A893C /* Sources */,
				B43C7F592901FAC1005A893C /* Frameworks */,
				B43C7F5A2901FAC1005A893C /* Resources */,
				B433E848291AFC1D0075DCDD /* Embed Frameworks */,
			);
			buildRules = (
			);
			dependencies = (
			);
			name = Infraestructure;
			productName = Infraestructure;
			productReference = B43C7F5C2901FAC1005A893C /* Infraestructure.framework */;
			productType = "com.apple.product-type.framework";
		};
/* End PBXNativeTarget section */

/* Begin PBXProject section */
		B43C7F532901FAC1005A893C /* Project object */ = {
			isa = PBXProject;
			attributes = {
				BuildIndependentTargetsInParallel = 1;
				LastUpgradeCheck = 1400;
				TargetAttributes = {
					B43C7F5B2901FAC1005A893C = {
						CreatedOnToolsVersion = 14.0.1;
						LastSwiftMigration = 1400;
					};
				};
			};
			buildConfigurationList = B43C7F562901FAC1005A893C /* Build configuration list for PBXProject "Infraestructure" */;
			compatibilityVersion = "Xcode 14.0";
			developmentRegion = en;
			hasScannedForEncodings = 0;
			knownRegions = (
				en,
				Base,
			);
			mainGroup = B43C7F522901FAC1005A893C;
			productRefGroup = B43C7F5D2901FAC1005A893C /* Products */;
			projectDirPath = "";
			projectRoot = "";
			targets = (
				B43C7F5B2901FAC1005A893C /* Infraestructure */,
			);
		};
/* End PBXProject section */

/* Begin PBXResourcesBuildPhase section */
		B43C7F5A2901FAC1005A893C /* Resources */ = {
			isa = PBXResourcesBuildPhase;
			buildActionMask = 2147483647;
			files = (
			);
			runOnlyForDeploymentPostprocessing = 0;
		};
/* End PBXResourcesBuildPhase section */

/* Begin PBXShellScriptBuildPhase section */
		F76EB67C0F9D986D330DF60A /* [CP] Check Pods Manifest.lock */ = {
			isa = PBXShellScriptBuildPhase;
			buildActionMask = 2147483647;
			files = (
			);
			inputFileListPaths = (
			);
			inputPaths = (
				"${PODS_PODFILE_DIR_PATH}/Podfile.lock",
				"${PODS_ROOT}/Manifest.lock",
			);
			name = "[CP] Check Pods Manifest.lock";
			outputFileListPaths = (
			);
			outputPaths = (
				"$(DERIVED_FILE_DIR)/Pods-Infraestructure-checkManifestLockResult.txt",
			);
			runOnlyForDeploymentPostprocessing = 0;
			shellPath = /bin/sh;
			shellScript = "diff \"${PODS_PODFILE_DIR_PATH}/Podfile.lock\" \"${PODS_ROOT}/Manifest.lock\" > /dev/null\nif [ $? != 0 ] ; then\n    # print error to STDERR\n    echo \"error: The sandbox is not in sync with the Podfile.lock. Run 'pod install' or update your CocoaPods installation.\" >&2\n    exit 1\nfi\n# This output is used by Xcode 'outputs' to avoid re-running this script phase.\necho \"SUCCESS\" > \"${SCRIPT_OUTPUT_FILE_0}\"\n";
			showEnvVarsInLog = 0;
		};
/* End PBXShellScriptBuildPhase section */

/* Begin PBXSourcesBuildPhase section */
		B43C7F582901FAC1005A893C /* Sources */ = {
			isa = PBXSourcesBuildPhase;
			buildActionMask = 2147483647;
			files = (
				B4BBC51D293647EB006B29F3 /* MovieProxy.swift in Sources */,
				B43C7F8229020F1B005A893C /* MovieApiRepository.swift in Sources */,
				B4FDD5C1290891D8002E3EDA /* Movie.xcdatamodeld in Sources */,
				B4E57C032903002400D2916D /* MovieResult.swift in Sources */,
				B4299016293148A200B3D015 /* MovieTypeDB+CoreDataClass.swift in Sources */,
				B43A41E5290870FD00A877E1 /* CoreDataStack.swift in Sources */,
				B40CF2E22928353E00D4E97E /* LocationPermissionCheckerImpl.swift in Sources */,
				B4BBC52229366497006B29F3 /* Helper.swift in Sources */,
				B415299C292EB08700E026DE /* MovieTypeTranslator.swift in Sources */,
				B4299017293148A200B3D015 /* MovieDB+CoreDataProperties.swift in Sources */,
				B4299018293148A200B3D015 /* MovieDB+CoreDataClass.swift in Sources */,
				B4299019293148A200B3D015 /* MovieTypeDB+CoreDataProperties.swift in Sources */,
				B40CF2DB2928322100D4E97E /* LocationRepositoryImpl.swift in Sources */,
				B43A41E329086F1E00A877E1 /* MovieCoreDataRepositoy.swift in Sources */,
				B4E57C05290333B600D2916D /* MovieTranslator.swift in Sources */,
				B43C7F8829021713005A893C /* ApiCaller.swift in Sources */,
			);
			runOnlyForDeploymentPostprocessing = 0;
		};
/* End PBXSourcesBuildPhase section */

/* Begin XCBuildConfiguration section */
		B43C7F612901FAC1005A893C /* Debug */ = {
			isa = XCBuildConfiguration;
			buildSettings = {
				ALWAYS_SEARCH_USER_PATHS = NO;
				CLANG_ANALYZER_NONNULL = YES;
				CLANG_ANALYZER_NUMBER_OBJECT_CONVERSION = YES_AGGRESSIVE;
				CLANG_CXX_LANGUAGE_STANDARD = "gnu++20";
				CLANG_ENABLE_MODULES = YES;
				CLANG_ENABLE_OBJC_ARC = YES;
				CLANG_ENABLE_OBJC_WEAK = YES;
				CLANG_WARN_BLOCK_CAPTURE_AUTORELEASING = YES;
				CLANG_WARN_BOOL_CONVERSION = YES;
				CLANG_WARN_COMMA = YES;
				CLANG_WARN_CONSTANT_CONVERSION = YES;
				CLANG_WARN_DEPRECATED_OBJC_IMPLEMENTATIONS = YES;
				CLANG_WARN_DIRECT_OBJC_ISA_USAGE = YES_ERROR;
				CLANG_WARN_DOCUMENTATION_COMMENTS = YES;
				CLANG_WARN_EMPTY_BODY = YES;
				CLANG_WARN_ENUM_CONVERSION = YES;
				CLANG_WARN_INFINITE_RECURSION = YES;
				CLANG_WARN_INT_CONVERSION = YES;
				CLANG_WARN_NON_LITERAL_NULL_CONVERSION = YES;
				CLANG_WARN_OBJC_IMPLICIT_RETAIN_SELF = YES;
				CLANG_WARN_OBJC_LITERAL_CONVERSION = YES;
				CLANG_WARN_OBJC_ROOT_CLASS = YES_ERROR;
				CLANG_WARN_QUOTED_INCLUDE_IN_FRAMEWORK_HEADER = YES;
				CLANG_WARN_RANGE_LOOP_ANALYSIS = YES;
				CLANG_WARN_STRICT_PROTOTYPES = YES;
				CLANG_WARN_SUSPICIOUS_MOVE = YES;
				CLANG_WARN_UNGUARDED_AVAILABILITY = YES_AGGRESSIVE;
				CLANG_WARN_UNREACHABLE_CODE = YES;
				CLANG_WARN__DUPLICATE_METHOD_MATCH = YES;
				COPY_PHASE_STRIP = NO;
				CURRENT_PROJECT_VERSION = 1;
				DEBUG_INFORMATION_FORMAT = dwarf;
				ENABLE_STRICT_OBJC_MSGSEND = YES;
				ENABLE_TESTABILITY = YES;
				GCC_C_LANGUAGE_STANDARD = gnu11;
				GCC_DYNAMIC_NO_PIC = NO;
				GCC_NO_COMMON_BLOCKS = YES;
				GCC_OPTIMIZATION_LEVEL = 0;
				GCC_PREPROCESSOR_DEFINITIONS = (
					"DEBUG=1",
					"$(inherited)",
				);
				GCC_WARN_64_TO_32_BIT_CONVERSION = YES;
				GCC_WARN_ABOUT_RETURN_TYPE = YES_ERROR;
				GCC_WARN_UNDECLARED_SELECTOR = YES;
				GCC_WARN_UNINITIALIZED_AUTOS = YES_AGGRESSIVE;
				GCC_WARN_UNUSED_FUNCTION = YES;
				GCC_WARN_UNUSED_VARIABLE = YES;
				IPHONEOS_DEPLOYMENT_TARGET = 16.0;
				MTL_ENABLE_DEBUG_INFO = INCLUDE_SOURCE;
				MTL_FAST_MATH = YES;
				ONLY_ACTIVE_ARCH = YES;
				SDKROOT = iphoneos;
				SWIFT_ACTIVE_COMPILATION_CONDITIONS = DEBUG;
				SWIFT_OPTIMIZATION_LEVEL = "-Onone";
				VERSIONING_SYSTEM = "apple-generic";
				VERSION_INFO_PREFIX = "";
			};
			name = Debug;
		};
		B43C7F622901FAC1005A893C /* Release */ = {
			isa = XCBuildConfiguration;
			buildSettings = {
				ALWAYS_SEARCH_USER_PATHS = NO;
				CLANG_ANALYZER_NONNULL = YES;
				CLANG_ANALYZER_NUMBER_OBJECT_CONVERSION = YES_AGGRESSIVE;
				CLANG_CXX_LANGUAGE_STANDARD = "gnu++20";
				CLANG_ENABLE_MODULES = YES;
				CLANG_ENABLE_OBJC_ARC = YES;
				CLANG_ENABLE_OBJC_WEAK = YES;
				CLANG_WARN_BLOCK_CAPTURE_AUTORELEASING = YES;
				CLANG_WARN_BOOL_CONVERSION = YES;
				CLANG_WARN_COMMA = YES;
				CLANG_WARN_CONSTANT_CONVERSION = YES;
				CLANG_WARN_DEPRECATED_OBJC_IMPLEMENTATIONS = YES;
				CLANG_WARN_DIRECT_OBJC_ISA_USAGE = YES_ERROR;
				CLANG_WARN_DOCUMENTATION_COMMENTS = YES;
				CLANG_WARN_EMPTY_BODY = YES;
				CLANG_WARN_ENUM_CONVERSION = YES;
				CLANG_WARN_INFINITE_RECURSION = YES;
				CLANG_WARN_INT_CONVERSION = YES;
				CLANG_WARN_NON_LITERAL_NULL_CONVERSION = YES;
				CLANG_WARN_OBJC_IMPLICIT_RETAIN_SELF = YES;
				CLANG_WARN_OBJC_LITERAL_CONVERSION = YES;
				CLANG_WARN_OBJC_ROOT_CLASS = YES_ERROR;
				CLANG_WARN_QUOTED_INCLUDE_IN_FRAMEWORK_HEADER = YES;
				CLANG_WARN_RANGE_LOOP_ANALYSIS = YES;
				CLANG_WARN_STRICT_PROTOTYPES = YES;
				CLANG_WARN_SUSPICIOUS_MOVE = YES;
				CLANG_WARN_UNGUARDED_AVAILABILITY = YES_AGGRESSIVE;
				CLANG_WARN_UNREACHABLE_CODE = YES;
				CLANG_WARN__DUPLICATE_METHOD_MATCH = YES;
				COPY_PHASE_STRIP = NO;
				CURRENT_PROJECT_VERSION = 1;
				DEBUG_INFORMATION_FORMAT = "dwarf-with-dsym";
				ENABLE_NS_ASSERTIONS = NO;
				ENABLE_STRICT_OBJC_MSGSEND = YES;
				GCC_C_LANGUAGE_STANDARD = gnu11;
				GCC_NO_COMMON_BLOCKS = YES;
				GCC_WARN_64_TO_32_BIT_CONVERSION = YES;
				GCC_WARN_ABOUT_RETURN_TYPE = YES_ERROR;
				GCC_WARN_UNDECLARED_SELECTOR = YES;
				GCC_WARN_UNINITIALIZED_AUTOS = YES_AGGRESSIVE;
				GCC_WARN_UNUSED_FUNCTION = YES;
				GCC_WARN_UNUSED_VARIABLE = YES;
				IPHONEOS_DEPLOYMENT_TARGET = 16.0;
				MTL_ENABLE_DEBUG_INFO = NO;
				MTL_FAST_MATH = YES;
				SDKROOT = iphoneos;
				SWIFT_COMPILATION_MODE = wholemodule;
				SWIFT_OPTIMIZATION_LEVEL = "-O";
				VALIDATE_PRODUCT = YES;
				VERSIONING_SYSTEM = "apple-generic";
				VERSION_INFO_PREFIX = "";
			};
			name = Release;
		};
		B43C7F642901FAC1005A893C /* Debug */ = {
			isa = XCBuildConfiguration;
			baseConfigurationReference = 2CD432C180DA239CEAD81926 /* Pods-Infraestructure.debug.xcconfig */;
			buildSettings = {
				CLANG_ENABLE_MODULES = YES;
				CODE_SIGN_STYLE = Automatic;
				CURRENT_PROJECT_VERSION = 1;
				DEFINES_MODULE = YES;
				DYLIB_COMPATIBILITY_VERSION = 1;
				DYLIB_CURRENT_VERSION = 1;
				DYLIB_INSTALL_NAME_BASE = "@rpath";
				GENERATE_INFOPLIST_FILE = YES;
				INFOPLIST_KEY_NSHumanReadableCopyright = "";
				INSTALL_PATH = "$(LOCAL_LIBRARY_DIR)/Frameworks";
				IPHONEOS_DEPLOYMENT_TARGET = 14.0;
				LD_RUNPATH_SEARCH_PATHS = (
					"$(inherited)",
					"@executable_path/Frameworks",
					"@loader_path/Frameworks",
				);
				MARKETING_VERSION = 1.0;
				PRODUCT_BUNDLE_IDENTIFIER = co.jonathan.Infraestructure;
				PRODUCT_NAME = "$(TARGET_NAME:c99extidentifier)";
				SKIP_INSTALL = YES;
				SUPPORTED_PLATFORMS = "iphoneos iphonesimulator";
				SUPPORTS_MACCATALYST = NO;
				SUPPORTS_MAC_DESIGNED_FOR_IPHONE_IPAD = NO;
				SWIFT_EMIT_LOC_STRINGS = YES;
				SWIFT_OPTIMIZATION_LEVEL = "-Onone";
				SWIFT_VERSION = 5.0;
				TARGETED_DEVICE_FAMILY = "1,2";
			};
			name = Debug;
		};
		B43C7F652901FAC1005A893C /* Release */ = {
			isa = XCBuildConfiguration;
			baseConfigurationReference = 7166A976CA8BEDAE08A81C62 /* Pods-Infraestructure.release.xcconfig */;
			buildSettings = {
				CLANG_ENABLE_MODULES = YES;
				CODE_SIGN_STYLE = Automatic;
				CURRENT_PROJECT_VERSION = 1;
				DEFINES_MODULE = YES;
				DYLIB_COMPATIBILITY_VERSION = 1;
				DYLIB_CURRENT_VERSION = 1;
				DYLIB_INSTALL_NAME_BASE = "@rpath";
				GENERATE_INFOPLIST_FILE = YES;
				INFOPLIST_KEY_NSHumanReadableCopyright = "";
				INSTALL_PATH = "$(LOCAL_LIBRARY_DIR)/Frameworks";
				IPHONEOS_DEPLOYMENT_TARGET = 14.0;
				LD_RUNPATH_SEARCH_PATHS = (
					"$(inherited)",
					"@executable_path/Frameworks",
					"@loader_path/Frameworks",
				);
				MARKETING_VERSION = 1.0;
				PRODUCT_BUNDLE_IDENTIFIER = co.jonathan.Infraestructure;
				PRODUCT_NAME = "$(TARGET_NAME:c99extidentifier)";
				SKIP_INSTALL = YES;
				SUPPORTED_PLATFORMS = "iphoneos iphonesimulator";
				SUPPORTS_MACCATALYST = NO;
				SUPPORTS_MAC_DESIGNED_FOR_IPHONE_IPAD = NO;
				SWIFT_EMIT_LOC_STRINGS = YES;
				SWIFT_VERSION = 5.0;
				TARGETED_DEVICE_FAMILY = "1,2";
			};
			name = Release;
		};
/* End XCBuildConfiguration section */

/* Begin XCConfigurationList section */
		B43C7F562901FAC1005A893C /* Build configuration list for PBXProject "Infraestructure" */ = {
			isa = XCConfigurationList;
			buildConfigurations = (
				B43C7F612901FAC1005A893C /* Debug */,
				B43C7F622901FAC1005A893C /* Release */,
			);
			defaultConfigurationIsVisible = 0;
			defaultConfigurationName = Release;
		};
		B43C7F632901FAC1005A893C /* Build configuration list for PBXNativeTarget "Infraestructure" */ = {
			isa = XCConfigurationList;
			buildConfigurations = (
				B43C7F642901FAC1005A893C /* Debug */,
				B43C7F652901FAC1005A893C /* Release */,
			);
			defaultConfigurationIsVisible = 0;
			defaultConfigurationName = Release;
		};
/* End XCConfigurationList section */

/* Begin XCVersionGroup section */
		B4FDD5BF290891D8002E3EDA /* Movie.xcdatamodeld */ = {
			isa = XCVersionGroup;
			children = (
				B4FDD5C0290891D8002E3EDA /* Movie.xcdatamodel */,
			);
			currentVersion = B4FDD5C0290891D8002E3EDA /* Movie.xcdatamodel */;
			path = Movie.xcdatamodeld;
			sourceTree = "<group>";
			versionGroupType = wrapper.xcdatamodel;
		};
/* End XCVersionGroup section */
	};
	rootObject = B43C7F532901FAC1005A893C /* Project object */;
}
