// !$*UTF8*$!
{
	archiveVersion = 1;
	classes = {
	};
	objectVersion = 56;
	objects = {

/* Begin PBXBuildFile section */
		42DA1392B596C8729FAA21BF /* Pods_NetflixClone.framework in Frameworks */ = {isa = PBXBuildFile; fileRef = 2309250A61D6C14CF3559208 /* Pods_NetflixClone.framework */; };
		B4105FFE28EF250700695C42 /* SceneDelegate.swift in Sources */ = {isa = PBXBuildFile; fileRef = B4105FFD28EF250700695C42 /* SceneDelegate.swift */; };
		B410600528EF251100695C42 /* Assets.xcassets in Resources */ = {isa = PBXBuildFile; fileRef = B410600428EF251100695C42 /* Assets.xcassets */; };
		B410600828EF251100695C42 /* LaunchScreen.storyboard in Resources */ = {isa = PBXBuildFile; fileRef = B410600628EF251100695C42 /* LaunchScreen.storyboard */; };
		B410601028EF261200695C42 /* MainTabBarViewController.swift in Sources */ = {isa = PBXBuildFile; fileRef = B410600F28EF261200695C42 /* MainTabBarViewController.swift */; };
		B410601328EF26AE00695C42 /* HomeViewController.swift in Sources */ = {isa = PBXBuildFile; fileRef = B410601228EF26AE00695C42 /* HomeViewController.swift */; };
		B410601528EF26CB00695C42 /* NewAndPopularViewController.swift in Sources */ = {isa = PBXBuildFile; fileRef = B410601428EF26CB00695C42 /* NewAndPopularViewController.swift */; };
		B410601728EF26E800695C42 /* ToLaughViewController.swift in Sources */ = {isa = PBXBuildFile; fileRef = B410601628EF26E800695C42 /* ToLaughViewController.swift */; };
		B410601928EF270800695C42 /* DownloadViewController.swift in Sources */ = {isa = PBXBuildFile; fileRef = B410601828EF270800695C42 /* DownloadViewController.swift */; };
		B42BF77628F5C475003A89DF /* DetailMovieViewController.swift in Sources */ = {isa = PBXBuildFile; fileRef = B42BF77428F5C475003A89DF /* DetailMovieViewController.swift */; };
		B42BF77728F5C475003A89DF /* DetailMovieViewController.xib in Resources */ = {isa = PBXBuildFile; fileRef = B42BF77528F5C475003A89DF /* DetailMovieViewController.xib */; };
		B43C7F7329020AC5005A893C /* Infraestructure.framework in Frameworks */ = {isa = PBXBuildFile; fileRef = B43C7F7229020AC5005A893C /* Infraestructure.framework */; };
		B43C7F7429020AC5005A893C /* Infraestructure.framework in Embed Frameworks */ = {isa = PBXBuildFile; fileRef = B43C7F7229020AC5005A893C /* Infraestructure.framework */; settings = {ATTRIBUTES = (CodeSignOnCopy, RemoveHeadersOnCopy, ); }; };
		B43C7F7729020AC8005A893C /* Domain.framework in Frameworks */ = {isa = PBXBuildFile; fileRef = B43C7F7629020AC8005A893C /* Domain.framework */; };
		B43C7F7829020AC8005A893C /* Domain.framework in Embed Frameworks */ = {isa = PBXBuildFile; fileRef = B43C7F7629020AC8005A893C /* Domain.framework */; settings = {ATTRIBUTES = (CodeSignOnCopy, RemoveHeadersOnCopy, ); }; };
		B4A0F6EF28F45E3A003F3E7E /* CollectionViewTableViewCell.swift in Sources */ = {isa = PBXBuildFile; fileRef = B4A0F6EE28F45E3A003F3E7E /* CollectionViewTableViewCell.swift */; };
		B4A0F6F128F4C61E003F3E7E /* PosterTableViewCell.swift in Sources */ = {isa = PBXBuildFile; fileRef = B4A0F6F028F4C61E003F3E7E /* PosterTableViewCell.swift */; };
		B4A0F6F428F4FD9D003F3E7E /* data.json in Resources */ = {isa = PBXBuildFile; fileRef = B4A0F6F328F4FD9D003F3E7E /* data.json */; };
		B4A0F6F628F50156003F3E7E /* CodableBundleExtension.swift in Sources */ = {isa = PBXBuildFile; fileRef = B4A0F6F528F50155003F3E7E /* CodableBundleExtension.swift */; };
		B4A0F6F928F50308003F3E7E /* MovieModel.swift in Sources */ = {isa = PBXBuildFile; fileRef = B4A0F6F828F50308003F3E7E /* MovieModel.swift */; };
		B4A0F6FC28F503FB003F3E7E /* Constant.swift in Sources */ = {isa = PBXBuildFile; fileRef = B4A0F6FB28F503FB003F3E7E /* Constant.swift */; };
		B4B802902906DD8900B76CED /* Localizable.strings in Resources */ = {isa = PBXBuildFile; fileRef = B4B802922906DD8900B76CED /* Localizable.strings */; };
		B4FDD5B529088E90002E3EDA /* AppDelegate.swift in Sources */ = {isa = PBXBuildFile; fileRef = B4105FFB28EF250700695C42 /* AppDelegate.swift */; };
/* End PBXBuildFile section */

/* Begin PBXCopyFilesBuildPhase section */
		B43C7F7529020AC5005A893C /* Embed Frameworks */ = {
			isa = PBXCopyFilesBuildPhase;
			buildActionMask = 2147483647;
			dstPath = "";
			dstSubfolderSpec = 10;
			files = (
				B43C7F7829020AC8005A893C /* Domain.framework in Embed Frameworks */,
				B43C7F7429020AC5005A893C /* Infraestructure.framework in Embed Frameworks */,
			);
			name = "Embed Frameworks";
			runOnlyForDeploymentPostprocessing = 0;
		};
/* End PBXCopyFilesBuildPhase section */

/* Begin PBXFileReference section */
		2309250A61D6C14CF3559208 /* Pods_NetflixClone.framework */ = {isa = PBXFileReference; explicitFileType = wrapper.framework; includeInIndex = 0; path = Pods_NetflixClone.framework; sourceTree = BUILT_PRODUCTS_DIR; };
		3B890230AC4D6CC3EE25C6F6 /* Pods-NetflixClone.release.xcconfig */ = {isa = PBXFileReference; includeInIndex = 1; lastKnownFileType = text.xcconfig; name = "Pods-NetflixClone.release.xcconfig"; path = "Target Support Files/Pods-NetflixClone/Pods-NetflixClone.release.xcconfig"; sourceTree = "<group>"; };
		B4105FF828EF250700695C42 /* NetflixClone.app */ = {isa = PBXFileReference; explicitFileType = wrapper.application; includeInIndex = 0; path = NetflixClone.app; sourceTree = BUILT_PRODUCTS_DIR; };
		B4105FFB28EF250700695C42 /* AppDelegate.swift */ = {isa = PBXFileReference; lastKnownFileType = sourcecode.swift; path = AppDelegate.swift; sourceTree = "<group>"; };
		B4105FFD28EF250700695C42 /* SceneDelegate.swift */ = {isa = PBXFileReference; lastKnownFileType = sourcecode.swift; path = SceneDelegate.swift; sourceTree = "<group>"; };
		B410600428EF251100695C42 /* Assets.xcassets */ = {isa = PBXFileReference; lastKnownFileType = folder.assetcatalog; path = Assets.xcassets; sourceTree = "<group>"; };
		B410600728EF251100695C42 /* Base */ = {isa = PBXFileReference; lastKnownFileType = file.storyboard; name = Base; path = Base.lproj/LaunchScreen.storyboard; sourceTree = "<group>"; };
		B410600928EF251100695C42 /* Info.plist */ = {isa = PBXFileReference; lastKnownFileType = text.plist.xml; path = Info.plist; sourceTree = "<group>"; };
		B410600F28EF261200695C42 /* MainTabBarViewController.swift */ = {isa = PBXFileReference; lastKnownFileType = sourcecode.swift; path = MainTabBarViewController.swift; sourceTree = "<group>"; };
		B410601228EF26AE00695C42 /* HomeViewController.swift */ = {isa = PBXFileReference; lastKnownFileType = sourcecode.swift; path = HomeViewController.swift; sourceTree = "<group>"; };
		B410601428EF26CB00695C42 /* NewAndPopularViewController.swift */ = {isa = PBXFileReference; lastKnownFileType = sourcecode.swift; path = NewAndPopularViewController.swift; sourceTree = "<group>"; };
		B410601628EF26E800695C42 /* ToLaughViewController.swift */ = {isa = PBXFileReference; lastKnownFileType = sourcecode.swift; path = ToLaughViewController.swift; sourceTree = "<group>"; };
		B410601828EF270800695C42 /* DownloadViewController.swift */ = {isa = PBXFileReference; lastKnownFileType = sourcecode.swift; path = DownloadViewController.swift; sourceTree = "<group>"; };
		B42BF77428F5C475003A89DF /* DetailMovieViewController.swift */ = {isa = PBXFileReference; lastKnownFileType = sourcecode.swift; path = DetailMovieViewController.swift; sourceTree = "<group>"; };
		B42BF77528F5C475003A89DF /* DetailMovieViewController.xib */ = {isa = PBXFileReference; lastKnownFileType = file.xib; path = DetailMovieViewController.xib; sourceTree = "<group>"; };
		B43C7F7229020AC5005A893C /* Infraestructure.framework */ = {isa = PBXFileReference; explicitFileType = wrapper.framework; path = Infraestructure.framework; sourceTree = BUILT_PRODUCTS_DIR; };
		B43C7F7629020AC8005A893C /* Domain.framework */ = {isa = PBXFileReference; explicitFileType = wrapper.framework; path = Domain.framework; sourceTree = BUILT_PRODUCTS_DIR; };
		B4A0F6EE28F45E3A003F3E7E /* CollectionViewTableViewCell.swift */ = {isa = PBXFileReference; lastKnownFileType = sourcecode.swift; path = CollectionViewTableViewCell.swift; sourceTree = "<group>"; };
		B4A0F6F028F4C61E003F3E7E /* PosterTableViewCell.swift */ = {isa = PBXFileReference; lastKnownFileType = sourcecode.swift; path = PosterTableViewCell.swift; sourceTree = "<group>"; };
		B4A0F6F328F4FD9D003F3E7E /* data.json */ = {isa = PBXFileReference; fileEncoding = 4; lastKnownFileType = text.json; path = data.json; sourceTree = "<group>"; };
		B4A0F6F528F50155003F3E7E /* CodableBundleExtension.swift */ = {isa = PBXFileReference; fileEncoding = 4; lastKnownFileType = sourcecode.swift; path = CodableBundleExtension.swift; sourceTree = "<group>"; };
		B4A0F6F828F50308003F3E7E /* MovieModel.swift */ = {isa = PBXFileReference; lastKnownFileType = sourcecode.swift; path = MovieModel.swift; sourceTree = "<group>"; };
		B4A0F6FB28F503FB003F3E7E /* Constant.swift */ = {isa = PBXFileReference; lastKnownFileType = sourcecode.swift; path = Constant.swift; sourceTree = "<group>"; };
		B4B802912906DD8900B76CED /* en */ = {isa = PBXFileReference; lastKnownFileType = text.plist.strings; name = en; path = en.lproj/Localizable.strings; sourceTree = "<group>"; };
		B4B802932906DDBB00B76CED /* es */ = {isa = PBXFileReference; lastKnownFileType = text.plist.strings; name = es; path = es.lproj/Localizable.strings; sourceTree = "<group>"; };
		ED17D447B2CB162669E19D68 /* Pods-NetflixClone.debug.xcconfig */ = {isa = PBXFileReference; includeInIndex = 1; lastKnownFileType = text.xcconfig; name = "Pods-NetflixClone.debug.xcconfig"; path = "Target Support Files/Pods-NetflixClone/Pods-NetflixClone.debug.xcconfig"; sourceTree = "<group>"; };
/* End PBXFileReference section */

/* Begin PBXFrameworksBuildPhase section */
		B4105FF528EF250700695C42 /* Frameworks */ = {
			isa = PBXFrameworksBuildPhase;
			buildActionMask = 2147483647;
			files = (
				B43C7F7729020AC8005A893C /* Domain.framework in Frameworks */,
				B43C7F7329020AC5005A893C /* Infraestructure.framework in Frameworks */,
				42DA1392B596C8729FAA21BF /* Pods_NetflixClone.framework in Frameworks */,
			);
			runOnlyForDeploymentPostprocessing = 0;
		};
/* End PBXFrameworksBuildPhase section */

/* Begin PBXGroup section */
		76A7F01BDD37EBA3C4D08FE6 /* Pods */ = {
			isa = PBXGroup;
			children = (
				ED17D447B2CB162669E19D68 /* Pods-NetflixClone.debug.xcconfig */,
				3B890230AC4D6CC3EE25C6F6 /* Pods-NetflixClone.release.xcconfig */,
			);
			path = Pods;
			sourceTree = "<group>";
		};
		B4105FEF28EF250700695C42 = {
			isa = PBXGroup;
			children = (
				B4105FFA28EF250700695C42 /* NetflixClone */,
				B4105FF928EF250700695C42 /* Products */,
				B43C7F7129020AC5005A893C /* Frameworks */,
				76A7F01BDD37EBA3C4D08FE6 /* Pods */,
			);
			sourceTree = "<group>";
		};
		B4105FF928EF250700695C42 /* Products */ = {
			isa = PBXGroup;
			children = (
				B4105FF828EF250700695C42 /* NetflixClone.app */,
			);
			name = Products;
			sourceTree = "<group>";
		};
		B4105FFA28EF250700695C42 /* NetflixClone */ = {
			isa = PBXGroup;
			children = (
				B410600F28EF261200695C42 /* MainTabBarViewController.swift */,
				B42BF77328F5C40C003A89DF /* components */,
				B4A0F6FA28F503E3003F3E7E /* utils */,
				B4A0F6F728F502F9003F3E7E /* model */,
				B4A0F6F228F4FD89003F3E7E /* data */,
				B410601128EF269100695C42 /* views */,
				B4105FFB28EF250700695C42 /* AppDelegate.swift */,
				B4105FFD28EF250700695C42 /* SceneDelegate.swift */,
				B410600428EF251100695C42 /* Assets.xcassets */,
				B410600928EF251100695C42 /* Info.plist */,
				B410600628EF251100695C42 /* LaunchScreen.storyboard */,
				B4B802922906DD8900B76CED /* Localizable.strings */,
			);
			path = NetflixClone;
			sourceTree = "<group>";
		};
		B410601128EF269100695C42 /* views */ = {
			isa = PBXGroup;
			children = (
				B410601228EF26AE00695C42 /* HomeViewController.swift */,
				B410601428EF26CB00695C42 /* NewAndPopularViewController.swift */,
				B410601628EF26E800695C42 /* ToLaughViewController.swift */,
				B410601828EF270800695C42 /* DownloadViewController.swift */,
				B42BF77428F5C475003A89DF /* DetailMovieViewController.swift */,
				B42BF77528F5C475003A89DF /* DetailMovieViewController.xib */,
			);
			path = views;
			sourceTree = "<group>";
		};
		B42BF77328F5C40C003A89DF /* components */ = {
			isa = PBXGroup;
			children = (
				B4A0F6EE28F45E3A003F3E7E /* CollectionViewTableViewCell.swift */,
				B4A0F6F028F4C61E003F3E7E /* PosterTableViewCell.swift */,
			);
			path = components;
			sourceTree = "<group>";
		};
		B43C7F7129020AC5005A893C /* Frameworks */ = {
			isa = PBXGroup;
			children = (
				B43C7F7629020AC8005A893C /* Domain.framework */,
				B43C7F7229020AC5005A893C /* Infraestructure.framework */,
				2309250A61D6C14CF3559208 /* Pods_NetflixClone.framework */,
			);
			name = Frameworks;
			sourceTree = "<group>";
		};
		B4A0F6F228F4FD89003F3E7E /* data */ = {
			isa = PBXGroup;
			children = (
				B4A0F6F328F4FD9D003F3E7E /* data.json */,
			);
			path = data;
			sourceTree = "<group>";
		};
		B4A0F6F728F502F9003F3E7E /* model */ = {
			isa = PBXGroup;
			children = (
				B4A0F6F828F50308003F3E7E /* MovieModel.swift */,
			);
			path = model;
			sourceTree = "<group>";
		};
		B4A0F6FA28F503E3003F3E7E /* utils */ = {
			isa = PBXGroup;
			children = (
				B4A0F6F528F50155003F3E7E /* CodableBundleExtension.swift */,
				B4A0F6FB28F503FB003F3E7E /* Constant.swift */,
			);
			path = utils;
			sourceTree = "<group>";
		};
/* End PBXGroup section */

/* Begin PBXNativeTarget section */
		B4105FF728EF250700695C42 /* NetflixClone */ = {
			isa = PBXNativeTarget;
			buildConfigurationList = B410600C28EF251100695C42 /* Build configuration list for PBXNativeTarget "NetflixClone" */;
			buildPhases = (
				56CBF9DBDB09C95F1B68AB3D /* [CP] Check Pods Manifest.lock */,
				B4105FF428EF250700695C42 /* Sources */,
				B4105FF528EF250700695C42 /* Frameworks */,
				B4105FF628EF250700695C42 /* Resources */,
				B43C7F7529020AC5005A893C /* Embed Frameworks */,
				75EF80437487136C8941EDA5 /* [CP] Embed Pods Frameworks */,
			);
			buildRules = (
			);
			dependencies = (
			);
			name = NetflixClone;
			productName = NetflixClone;
			productReference = B4105FF828EF250700695C42 /* NetflixClone.app */;
			productType = "com.apple.product-type.application";
		};
/* End PBXNativeTarget section */

/* Begin PBXProject section */
		B4105FF028EF250700695C42 /* Project object */ = {
			isa = PBXProject;
			attributes = {
				BuildIndependentTargetsInParallel = 1;
				LastSwiftUpdateCheck = 1400;
				LastUpgradeCheck = 1400;
				TargetAttributes = {
					B4105FF728EF250700695C42 = {
						CreatedOnToolsVersion = 14.0.1;
					};
				};
			};
			buildConfigurationList = B4105FF328EF250700695C42 /* Build configuration list for PBXProject "NetflixClone" */;
			compatibilityVersion = "Xcode 14.0";
			developmentRegion = en;
			hasScannedForEncodings = 0;
			knownRegions = (
				en,
				Base,
				es,
			);
			mainGroup = B4105FEF28EF250700695C42;
			productRefGroup = B4105FF928EF250700695C42 /* Products */;
			projectDirPath = "";
			projectRoot = "";
			targets = (
				B4105FF728EF250700695C42 /* NetflixClone */,
			);
		};
/* End PBXProject section */

/* Begin PBXResourcesBuildPhase section */
		B4105FF628EF250700695C42 /* Resources */ = {
			isa = PBXResourcesBuildPhase;
			buildActionMask = 2147483647;
			files = (
				B4B802902906DD8900B76CED /* Localizable.strings in Resources */,
				B42BF77728F5C475003A89DF /* DetailMovieViewController.xib in Resources */,
				B410600828EF251100695C42 /* LaunchScreen.storyboard in Resources */,
				B4A0F6F428F4FD9D003F3E7E /* data.json in Resources */,
				B410600528EF251100695C42 /* Assets.xcassets in Resources */,
			);
			runOnlyForDeploymentPostprocessing = 0;
		};
/* End PBXResourcesBuildPhase section */

/* Begin PBXShellScriptBuildPhase section */
		56CBF9DBDB09C95F1B68AB3D /* [CP] Check Pods Manifest.lock */ = {
			isa = PBXShellScriptBuildPhase;
			buildActionMask = 2147483647;
			files = (
			);
			inputFileListPaths = (
			);
			inputPaths = (
				"${PODS_PODFILE_DIR_PATH}/Podfile.lock",
				"${PODS_ROOT}/Manifest.lock",
			);
			name = "[CP] Check Pods Manifest.lock";
			outputFileListPaths = (
			);
			outputPaths = (
				"$(DERIVED_FILE_DIR)/Pods-NetflixClone-checkManifestLockResult.txt",
			);
			runOnlyForDeploymentPostprocessing = 0;
			shellPath = /bin/sh;
			shellScript = "diff \"${PODS_PODFILE_DIR_PATH}/Podfile.lock\" \"${PODS_ROOT}/Manifest.lock\" > /dev/null\nif [ $? != 0 ] ; then\n    # print error to STDERR\n    echo \"error: The sandbox is not in sync with the Podfile.lock. Run 'pod install' or update your CocoaPods installation.\" >&2\n    exit 1\nfi\n# This output is used by Xcode 'outputs' to avoid re-running this script phase.\necho \"SUCCESS\" > \"${SCRIPT_OUTPUT_FILE_0}\"\n";
			showEnvVarsInLog = 0;
		};
		75EF80437487136C8941EDA5 /* [CP] Embed Pods Frameworks */ = {
			isa = PBXShellScriptBuildPhase;
			buildActionMask = 2147483647;
			files = (
			);
			inputFileListPaths = (
				"${PODS_ROOT}/Target Support Files/Pods-NetflixClone/Pods-NetflixClone-frameworks-${CONFIGURATION}-input-files.xcfilelist",
			);
			name = "[CP] Embed Pods Frameworks";
			outputFileListPaths = (
				"${PODS_ROOT}/Target Support Files/Pods-NetflixClone/Pods-NetflixClone-frameworks-${CONFIGURATION}-output-files.xcfilelist",
			);
			runOnlyForDeploymentPostprocessing = 0;
			shellPath = /bin/sh;
			shellScript = "\"${PODS_ROOT}/Target Support Files/Pods-NetflixClone/Pods-NetflixClone-frameworks.sh\"\n";
			showEnvVarsInLog = 0;
		};
/* End PBXShellScriptBuildPhase section */

/* Begin PBXSourcesBuildPhase section */
		B4105FF428EF250700695C42 /* Sources */ = {
			isa = PBXSourcesBuildPhase;
			buildActionMask = 2147483647;
			files = (
				B4A0F6EF28F45E3A003F3E7E /* CollectionViewTableViewCell.swift in Sources */,
				B410601328EF26AE00695C42 /* HomeViewController.swift in Sources */,
				B410601028EF261200695C42 /* MainTabBarViewController.swift in Sources */,
				B4A0F6F128F4C61E003F3E7E /* PosterTableViewCell.swift in Sources */,
				B42BF77628F5C475003A89DF /* DetailMovieViewController.swift in Sources */,
				B4A0F6F928F50308003F3E7E /* MovieModel.swift in Sources */,
				B4A0F6FC28F503FB003F3E7E /* Constant.swift in Sources */,
				B410601528EF26CB00695C42 /* NewAndPopularViewController.swift in Sources */,
				B4FDD5B529088E90002E3EDA /* AppDelegate.swift in Sources */,
				B4A0F6F628F50156003F3E7E /* CodableBundleExtension.swift in Sources */,
				B410601728EF26E800695C42 /* ToLaughViewController.swift in Sources */,
				B410601928EF270800695C42 /* DownloadViewController.swift in Sources */,
				B4105FFE28EF250700695C42 /* SceneDelegate.swift in Sources */,
			);
			runOnlyForDeploymentPostprocessing = 0;
		};
/* End PBXSourcesBuildPhase section */

/* Begin PBXVariantGroup section */
		B410600628EF251100695C42 /* LaunchScreen.storyboard */ = {
			isa = PBXVariantGroup;
			children = (
				B410600728EF251100695C42 /* Base */,
			);
			name = LaunchScreen.storyboard;
			sourceTree = "<group>";
		};
		B4B802922906DD8900B76CED /* Localizable.strings */ = {
			isa = PBXVariantGroup;
			children = (
				B4B802912906DD8900B76CED /* en */,
				B4B802932906DDBB00B76CED /* es */,
			);
			name = Localizable.strings;
			sourceTree = "<group>";
		};
/* End PBXVariantGroup section */

/* Begin XCBuildConfiguration section */
		B410600A28EF251100695C42 /* Debug */ = {
			isa = XCBuildConfiguration;
			buildSettings = {
				ALWAYS_SEARCH_USER_PATHS = NO;
				CLANG_ANALYZER_LOCALIZABILITY_NONLOCALIZED = YES;
				CLANG_ANALYZER_NONNULL = YES;
				CLANG_ANALYZER_NUMBER_OBJECT_CONVERSION = YES_AGGRESSIVE;
				CLANG_CXX_LANGUAGE_STANDARD = "gnu++20";
				CLANG_ENABLE_MODULES = YES;
				CLANG_ENABLE_OBJC_ARC = YES;
				CLANG_ENABLE_OBJC_WEAK = YES;
				CLANG_WARN_BLOCK_CAPTURE_AUTORELEASING = YES;
				CLANG_WARN_BOOL_CONVERSION = YES;
				CLANG_WARN_COMMA = YES;
				CLANG_WARN_CONSTANT_CONVERSION = YES;
				CLANG_WARN_DEPRECATED_OBJC_IMPLEMENTATIONS = YES;
				CLANG_WARN_DIRECT_OBJC_ISA_USAGE = YES_ERROR;
				CLANG_WARN_DOCUMENTATION_COMMENTS = YES;
				CLANG_WARN_EMPTY_BODY = YES;
				CLANG_WARN_ENUM_CONVERSION = YES;
				CLANG_WARN_INFINITE_RECURSION = YES;
				CLANG_WARN_INT_CONVERSION = YES;
				CLANG_WARN_NON_LITERAL_NULL_CONVERSION = YES;
				CLANG_WARN_OBJC_IMPLICIT_RETAIN_SELF = YES;
				CLANG_WARN_OBJC_LITERAL_CONVERSION = YES;
				CLANG_WARN_OBJC_ROOT_CLASS = YES_ERROR;
				CLANG_WARN_QUOTED_INCLUDE_IN_FRAMEWORK_HEADER = YES;
				CLANG_WARN_RANGE_LOOP_ANALYSIS = YES;
				CLANG_WARN_STRICT_PROTOTYPES = YES;
				CLANG_WARN_SUSPICIOUS_MOVE = YES;
				CLANG_WARN_UNGUARDED_AVAILABILITY = YES_AGGRESSIVE;
				CLANG_WARN_UNREACHABLE_CODE = YES;
				CLANG_WARN__DUPLICATE_METHOD_MATCH = YES;
				COPY_PHASE_STRIP = NO;
				DEBUG_INFORMATION_FORMAT = dwarf;
				ENABLE_STRICT_OBJC_MSGSEND = YES;
				ENABLE_TESTABILITY = YES;
				GCC_C_LANGUAGE_STANDARD = gnu11;
				GCC_DYNAMIC_NO_PIC = NO;
				GCC_NO_COMMON_BLOCKS = YES;
				GCC_OPTIMIZATION_LEVEL = 0;
				GCC_PREPROCESSOR_DEFINITIONS = (
					"DEBUG=1",
					"$(inherited)",
				);
				GCC_WARN_64_TO_32_BIT_CONVERSION = YES;
				GCC_WARN_ABOUT_RETURN_TYPE = YES_ERROR;
				GCC_WARN_UNDECLARED_SELECTOR = YES;
				GCC_WARN_UNINITIALIZED_AUTOS = YES_AGGRESSIVE;
				GCC_WARN_UNUSED_FUNCTION = YES;
				GCC_WARN_UNUSED_VARIABLE = YES;
				IPHONEOS_DEPLOYMENT_TARGET = 16.0;
				MTL_ENABLE_DEBUG_INFO = INCLUDE_SOURCE;
				MTL_FAST_MATH = YES;
				ONLY_ACTIVE_ARCH = YES;
				SDKROOT = iphoneos;
				SWIFT_ACTIVE_COMPILATION_CONDITIONS = DEBUG;
				SWIFT_OPTIMIZATION_LEVEL = "-Onone";
			};
			name = Debug;
		};
		B410600B28EF251100695C42 /* Release */ = {
			isa = XCBuildConfiguration;
			buildSettings = {
				ALWAYS_SEARCH_USER_PATHS = NO;
				CLANG_ANALYZER_LOCALIZABILITY_NONLOCALIZED = YES;
				CLANG_ANALYZER_NONNULL = YES;
				CLANG_ANALYZER_NUMBER_OBJECT_CONVERSION = YES_AGGRESSIVE;
				CLANG_CXX_LANGUAGE_STANDARD = "gnu++20";
				CLANG_ENABLE_MODULES = YES;
				CLANG_ENABLE_OBJC_ARC = YES;
				CLANG_ENABLE_OBJC_WEAK = YES;
				CLANG_WARN_BLOCK_CAPTURE_AUTORELEASING = YES;
				CLANG_WARN_BOOL_CONVERSION = YES;
				CLANG_WARN_COMMA = YES;
				CLANG_WARN_CONSTANT_CONVERSION = YES;
				CLANG_WARN_DEPRECATED_OBJC_IMPLEMENTATIONS = YES;
				CLANG_WARN_DIRECT_OBJC_ISA_USAGE = YES_ERROR;
				CLANG_WARN_DOCUMENTATION_COMMENTS = YES;
				CLANG_WARN_EMPTY_BODY = YES;
				CLANG_WARN_ENUM_CONVERSION = YES;
				CLANG_WARN_INFINITE_RECURSION = YES;
				CLANG_WARN_INT_CONVERSION = YES;
				CLANG_WARN_NON_LITERAL_NULL_CONVERSION = YES;
				CLANG_WARN_OBJC_IMPLICIT_RETAIN_SELF = YES;
				CLANG_WARN_OBJC_LITERAL_CONVERSION = YES;
				CLANG_WARN_OBJC_ROOT_CLASS = YES_ERROR;
				CLANG_WARN_QUOTED_INCLUDE_IN_FRAMEWORK_HEADER = YES;
				CLANG_WARN_RANGE_LOOP_ANALYSIS = YES;
				CLANG_WARN_STRICT_PROTOTYPES = YES;
				CLANG_WARN_SUSPICIOUS_MOVE = YES;
				CLANG_WARN_UNGUARDED_AVAILABILITY = YES_AGGRESSIVE;
				CLANG_WARN_UNREACHABLE_CODE = YES;
				CLANG_WARN__DUPLICATE_METHOD_MATCH = YES;
				COPY_PHASE_STRIP = NO;
				DEBUG_INFORMATION_FORMAT = "dwarf-with-dsym";
				ENABLE_NS_ASSERTIONS = NO;
				ENABLE_STRICT_OBJC_MSGSEND = YES;
				GCC_C_LANGUAGE_STANDARD = gnu11;
				GCC_NO_COMMON_BLOCKS = YES;
				GCC_WARN_64_TO_32_BIT_CONVERSION = YES;
				GCC_WARN_ABOUT_RETURN_TYPE = YES_ERROR;
				GCC_WARN_UNDECLARED_SELECTOR = YES;
				GCC_WARN_UNINITIALIZED_AUTOS = YES_AGGRESSIVE;
				GCC_WARN_UNUSED_FUNCTION = YES;
				GCC_WARN_UNUSED_VARIABLE = YES;
				IPHONEOS_DEPLOYMENT_TARGET = 16.0;
				MTL_ENABLE_DEBUG_INFO = NO;
				MTL_FAST_MATH = YES;
				SDKROOT = iphoneos;
				SWIFT_COMPILATION_MODE = wholemodule;
				SWIFT_OPTIMIZATION_LEVEL = "-O";
				VALIDATE_PRODUCT = YES;
			};
			name = Release;
		};
		B410600D28EF251100695C42 /* Debug */ = {
			isa = XCBuildConfiguration;
			baseConfigurationReference = ED17D447B2CB162669E19D68 /* Pods-NetflixClone.debug.xcconfig */;
			buildSettings = {
				ASSETCATALOG_COMPILER_APPICON_NAME = AppIcon;
				ASSETCATALOG_COMPILER_GLOBAL_ACCENT_COLOR_NAME = AccentColor;
				CODE_SIGN_STYLE = Automatic;
				CURRENT_PROJECT_VERSION = 1;
				DEVELOPMENT_TEAM = ZF7B3Q8YLK;
				GENERATE_INFOPLIST_FILE = YES;
				INFOPLIST_FILE = NetflixClone/Info.plist;
				INFOPLIST_KEY_LSApplicationCategoryType = "public.app-category.entertainment";
				INFOPLIST_KEY_UIApplicationSupportsIndirectInputEvents = YES;
				INFOPLIST_KEY_UILaunchStoryboardName = LaunchScreen;
				INFOPLIST_KEY_UISupportedInterfaceOrientations = UIInterfaceOrientationPortrait;
				INFOPLIST_KEY_UISupportedInterfaceOrientations_iPad = "UIInterfaceOrientationLandscapeLeft UIInterfaceOrientationLandscapeRight UIInterfaceOrientationPortrait UIInterfaceOrientationPortraitUpsideDown";
				IPHONEOS_DEPLOYMENT_TARGET = 14.0;
				LD_RUNPATH_SEARCH_PATHS = (
					"$(inherited)",
					"@executable_path/Frameworks",
				);
				MARKETING_VERSION = 1.0;
				PRODUCT_BUNDLE_IDENTIFIER = co.jonathan.NetflixClone;
				PRODUCT_NAME = "$(TARGET_NAME)";
				SUPPORTED_PLATFORMS = "iphoneos iphonesimulator";
				SUPPORTS_MACCATALYST = NO;
				SUPPORTS_MAC_DESIGNED_FOR_IPHONE_IPAD = NO;
				SWIFT_EMIT_LOC_STRINGS = YES;
				SWIFT_VERSION = 5.0;
				TARGETED_DEVICE_FAMILY = "1,2";
			};
			name = Debug;
		};
		B410600E28EF251100695C42 /* Release */ = {
			isa = XCBuildConfiguration;
			baseConfigurationReference = 3B890230AC4D6CC3EE25C6F6 /* Pods-NetflixClone.release.xcconfig */;
			buildSettings = {
				ASSETCATALOG_COMPILER_APPICON_NAME = AppIcon;
				ASSETCATALOG_COMPILER_GLOBAL_ACCENT_COLOR_NAME = AccentColor;
				CODE_SIGN_STYLE = Automatic;
				CURRENT_PROJECT_VERSION = 1;
				DEVELOPMENT_TEAM = ZF7B3Q8YLK;
				GENERATE_INFOPLIST_FILE = YES;
				INFOPLIST_FILE = NetflixClone/Info.plist;
				INFOPLIST_KEY_LSApplicationCategoryType = "public.app-category.entertainment";
				INFOPLIST_KEY_UIApplicationSupportsIndirectInputEvents = YES;
				INFOPLIST_KEY_UILaunchStoryboardName = LaunchScreen;
				INFOPLIST_KEY_UISupportedInterfaceOrientations = UIInterfaceOrientationPortrait;
				INFOPLIST_KEY_UISupportedInterfaceOrientations_iPad = "UIInterfaceOrientationLandscapeLeft UIInterfaceOrientationLandscapeRight UIInterfaceOrientationPortrait UIInterfaceOrientationPortraitUpsideDown";
				IPHONEOS_DEPLOYMENT_TARGET = 14.0;
				LD_RUNPATH_SEARCH_PATHS = (
					"$(inherited)",
					"@executable_path/Frameworks",
				);
				MARKETING_VERSION = 1.0;
				PRODUCT_BUNDLE_IDENTIFIER = co.jonathan.NetflixClone;
				PRODUCT_NAME = "$(TARGET_NAME)";
				SUPPORTED_PLATFORMS = "iphoneos iphonesimulator";
				SUPPORTS_MACCATALYST = NO;
				SUPPORTS_MAC_DESIGNED_FOR_IPHONE_IPAD = NO;
				SWIFT_EMIT_LOC_STRINGS = YES;
				SWIFT_VERSION = 5.0;
				TARGETED_DEVICE_FAMILY = "1,2";
			};
			name = Release;
		};
/* End XCBuildConfiguration section */

/* Begin XCConfigurationList section */
		B4105FF328EF250700695C42 /* Build configuration list for PBXProject "NetflixClone" */ = {
			isa = XCConfigurationList;
			buildConfigurations = (
				B410600A28EF251100695C42 /* Debug */,
				B410600B28EF251100695C42 /* Release */,
			);
			defaultConfigurationIsVisible = 0;
			defaultConfigurationName = Release;
		};
		B410600C28EF251100695C42 /* Build configuration list for PBXNativeTarget "NetflixClone" */ = {
			isa = XCConfigurationList;
			buildConfigurations = (
				B410600D28EF251100695C42 /* Debug */,
				B410600E28EF251100695C42 /* Release */,
			);
			defaultConfigurationIsVisible = 0;
			defaultConfigurationName = Release;
		};
/* End XCConfigurationList section */
	};
	rootObject = B4105FF028EF250700695C42 /* Project object */;
}
