// !$*UTF8*$!
{
	archiveVersion = 1;
	classes = {
	};
	objectVersion = 56;
	objects = {

/* Begin PBXBuildFile section */
		04D8E96586A2DF053C025C32 /* Pods_Domain.framework in Frameworks */ = {isa = PBXBuildFile; fileRef = E2DC61D2873E834077F16D51 /* Pods_Domain.framework */; };
		A5BE840532EEE0F1A2698601 /* Pods_Domain_DomainTests.framework in Frameworks */ = {isa = PBXBuildFile; fileRef = 9C0DA1052D9448ACEE6F533A /* Pods_Domain_DomainTests.framework */; };
		B40CF2D7292831B800D4E97E /* LocationRepository.swift in Sources */ = {isa = PBXBuildFile; fileRef = B40CF2D6292831B800D4E97E /* LocationRepository.swift */; };
		B40CF2DE292833BD00D4E97E /* LocationPermissionChecker.swift in Sources */ = {isa = PBXBuildFile; fileRef = B40CF2DD292833BD00D4E97E /* LocationPermissionChecker.swift */; };
		B415297A292E619D00E026DE /* MovieApiRepositoryManualMock.swift in Sources */ = {isa = PBXBuildFile; fileRef = B4152979292E619D00E026DE /* MovieApiRepositoryManualMock.swift */; };
		B415297C292E61B900E026DE /* MovieLocalRepositoryManualMock.swift in Sources */ = {isa = PBXBuildFile; fileRef = B415297B292E61B900E026DE /* MovieLocalRepositoryManualMock.swift */; };
		B415299A292E796200E026DE /* MovieType.swift in Sources */ = {isa = PBXBuildFile; fileRef = B4152999292E796200E026DE /* MovieType.swift */; };
		B42990002930FEB600B3D015 /* Data.swift in Sources */ = {isa = PBXBuildFile; fileRef = B4298FFF2930FEB600B3D015 /* Data.swift */; };
		B43A41E129086E9300A877E1 /* MovieLocalRepository.swift in Sources */ = {isa = PBXBuildFile; fileRef = B43A41E029086E9300A877E1 /* MovieLocalRepository.swift */; };
		B43C7F4C2901FAA6005A893C /* Domain.h in Headers */ = {isa = PBXBuildFile; fileRef = B43C7F4B2901FAA6005A893C /* Domain.h */; settings = {ATTRIBUTES = (Public, ); }; };
		B43C7F7A29020B03005A893C /* Movie.swift in Sources */ = {isa = PBXBuildFile; fileRef = B43C7F7929020B03005A893C /* Movie.swift */; };
		B43C7F7E29020D10005A893C /* MovieApiRepository.swift in Sources */ = {isa = PBXBuildFile; fileRef = B43C7F7D29020D10005A893C /* MovieApiRepository.swift */; };
		B43C7F8029020D55005A893C /* MovieService.swift in Sources */ = {isa = PBXBuildFile; fileRef = B43C7F7F29020D55005A893C /* MovieService.swift */; };
		B452C38029B61781007FE158 /* RuntimeException.swift in Sources */ = {isa = PBXBuildFile; fileRef = B452C37F29B61781007FE158 /* RuntimeException.swift */; };
		B47FF20E294CA54100D55E01 /* MovieTestDataBuilder.swift in Sources */ = {isa = PBXBuildFile; fileRef = B47FF20D294CA54100D55E01 /* MovieTestDataBuilder.swift */; };
		B4BBC51F29364B22006B29F3 /* MovieRepository.swift in Sources */ = {isa = PBXBuildFile; fileRef = B4BBC51E29364B22006B29F3 /* MovieRepository.swift */; };
		B4BBC52529369263006B29F3 /* User.swift in Sources */ = {isa = PBXBuildFile; fileRef = B4BBC52429369263006B29F3 /* User.swift */; };
		B4DB3EA8293E7614008DEE6C /* MovieServiceTestDouble.swift in Sources */ = {isa = PBXBuildFile; fileRef = B4DB3EA7293E7614008DEE6C /* MovieServiceTestDouble.swift */; };
		B4DB3EAA293E7673008DEE6C /* FakeMovieRepository.swift in Sources */ = {isa = PBXBuildFile; fileRef = B4DB3EA9293E7673008DEE6C /* FakeMovieRepository.swift */; };
		B4DB3EAC293E7B72008DEE6C /* FakeMovieLocalRepository.swift in Sources */ = {isa = PBXBuildFile; fileRef = B4DB3EAB293E7B72008DEE6C /* FakeMovieLocalRepository.swift */; };
		B4DB3EAE293E83BC008DEE6C /* FakeMovieApiRepository.swift in Sources */ = {isa = PBXBuildFile; fileRef = B4DB3EAD293E83BC008DEE6C /* FakeMovieApiRepository.swift */; };
		B4DB3EB0293E96AB008DEE6C /* StubMovieLocalRepository.swift in Sources */ = {isa = PBXBuildFile; fileRef = B4DB3EAF293E96AB008DEE6C /* StubMovieLocalRepository.swift */; };
		B4EEA7D4292C5CD600E39A79 /* Domain.framework in Frameworks */ = {isa = PBXBuildFile; fileRef = B43C7F482901FAA6005A893C /* Domain.framework */; platformFilter = ios; };
		B4EEA7DC292C61C400E39A79 /* MovieServiceTest.swift in Sources */ = {isa = PBXBuildFile; fileRef = B4EEA7DB292C61C400E39A79 /* MovieServiceTest.swift */; };
/* End PBXBuildFile section */

/* Begin PBXContainerItemProxy section */
		B4EEA7D5292C5CD600E39A79 /* PBXContainerItemProxy */ = {
			isa = PBXContainerItemProxy;
			containerPortal = B43C7F3F2901FAA6005A893C /* Project object */;
			proxyType = 1;
			remoteGlobalIDString = B43C7F472901FAA6005A893C;
			remoteInfo = Domain;
		};
/* End PBXContainerItemProxy section */

/* Begin PBXFileReference section */
		0DD80514FCC56CB9BDBED90A /* Pods-Domain-DomainTests.release.xcconfig */ = {isa = PBXFileReference; includeInIndex = 1; lastKnownFileType = text.xcconfig; name = "Pods-Domain-DomainTests.release.xcconfig"; path = "Target Support Files/Pods-Domain-DomainTests/Pods-Domain-DomainTests.release.xcconfig"; sourceTree = "<group>"; };
		662BF2468CE7549C6D710AF9 /* Pods-DomainTests.debug.xcconfig */ = {isa = PBXFileReference; includeInIndex = 1; lastKnownFileType = text.xcconfig; name = "Pods-DomainTests.debug.xcconfig"; path = "Target Support Files/Pods-DomainTests/Pods-DomainTests.debug.xcconfig"; sourceTree = "<group>"; };
		6DEC68C57C27342C1FD89E6C /* Pods-Domain.release.xcconfig */ = {isa = PBXFileReference; includeInIndex = 1; lastKnownFileType = text.xcconfig; name = "Pods-Domain.release.xcconfig"; path = "Target Support Files/Pods-Domain/Pods-Domain.release.xcconfig"; sourceTree = "<group>"; };
		8D2BA85011107A52709E0195 /* Pods-Domain-DomainTests.debug.xcconfig */ = {isa = PBXFileReference; includeInIndex = 1; lastKnownFileType = text.xcconfig; name = "Pods-Domain-DomainTests.debug.xcconfig"; path = "Target Support Files/Pods-Domain-DomainTests/Pods-Domain-DomainTests.debug.xcconfig"; sourceTree = "<group>"; };
		9C0DA1052D9448ACEE6F533A /* Pods_Domain_DomainTests.framework */ = {isa = PBXFileReference; explicitFileType = wrapper.framework; includeInIndex = 0; path = Pods_Domain_DomainTests.framework; sourceTree = BUILT_PRODUCTS_DIR; };
		B40CF2D6292831B800D4E97E /* LocationRepository.swift */ = {isa = PBXFileReference; lastKnownFileType = sourcecode.swift; path = LocationRepository.swift; sourceTree = "<group>"; };
		B40CF2DD292833BD00D4E97E /* LocationPermissionChecker.swift */ = {isa = PBXFileReference; lastKnownFileType = sourcecode.swift; path = LocationPermissionChecker.swift; sourceTree = "<group>"; };
		B4152979292E619D00E026DE /* MovieApiRepositoryManualMock.swift */ = {isa = PBXFileReference; lastKnownFileType = sourcecode.swift; path = MovieApiRepositoryManualMock.swift; sourceTree = "<group>"; };
		B415297B292E61B900E026DE /* MovieLocalRepositoryManualMock.swift */ = {isa = PBXFileReference; lastKnownFileType = sourcecode.swift; path = MovieLocalRepositoryManualMock.swift; sourceTree = "<group>"; };
		B4152999292E796200E026DE /* MovieType.swift */ = {isa = PBXFileReference; lastKnownFileType = sourcecode.swift; path = MovieType.swift; sourceTree = "<group>"; };
		B4298FFF2930FEB600B3D015 /* Data.swift */ = {isa = PBXFileReference; lastKnownFileType = sourcecode.swift; path = Data.swift; sourceTree = "<group>"; };
		B43A41E029086E9300A877E1 /* MovieLocalRepository.swift */ = {isa = PBXFileReference; lastKnownFileType = sourcecode.swift; path = MovieLocalRepository.swift; sourceTree = "<group>"; };
		B43C7F482901FAA6005A893C /* Domain.framework */ = {isa = PBXFileReference; explicitFileType = wrapper.framework; includeInIndex = 0; path = Domain.framework; sourceTree = BUILT_PRODUCTS_DIR; };
		B43C7F4B2901FAA6005A893C /* Domain.h */ = {isa = PBXFileReference; lastKnownFileType = sourcecode.c.h; path = Domain.h; sourceTree = "<group>"; };
		B43C7F7929020B03005A893C /* Movie.swift */ = {isa = PBXFileReference; lastKnownFileType = sourcecode.swift; path = Movie.swift; sourceTree = "<group>"; };
		B43C7F7D29020D10005A893C /* MovieApiRepository.swift */ = {isa = PBXFileReference; lastKnownFileType = sourcecode.swift; path = MovieApiRepository.swift; sourceTree = "<group>"; };
		B43C7F7F29020D55005A893C /* MovieService.swift */ = {isa = PBXFileReference; lastKnownFileType = sourcecode.swift; path = MovieService.swift; sourceTree = "<group>"; };
		B452C37F29B61781007FE158 /* RuntimeException.swift */ = {isa = PBXFileReference; lastKnownFileType = sourcecode.swift; path = RuntimeException.swift; sourceTree = "<group>"; };
		B47FF20D294CA54100D55E01 /* MovieTestDataBuilder.swift */ = {isa = PBXFileReference; lastKnownFileType = sourcecode.swift; path = MovieTestDataBuilder.swift; sourceTree = "<group>"; };
		B4BBC51E29364B22006B29F3 /* MovieRepository.swift */ = {isa = PBXFileReference; lastKnownFileType = sourcecode.swift; path = MovieRepository.swift; sourceTree = "<group>"; };
		B4BBC52429369263006B29F3 /* User.swift */ = {isa = PBXFileReference; lastKnownFileType = sourcecode.swift; path = User.swift; sourceTree = "<group>"; };
		B4DB3EA7293E7614008DEE6C /* MovieServiceTestDouble.swift */ = {isa = PBXFileReference; lastKnownFileType = sourcecode.swift; path = MovieServiceTestDouble.swift; sourceTree = "<group>"; };
		B4DB3EA9293E7673008DEE6C /* FakeMovieRepository.swift */ = {isa = PBXFileReference; lastKnownFileType = sourcecode.swift; path = FakeMovieRepository.swift; sourceTree = "<group>"; };
		B4DB3EAB293E7B72008DEE6C /* FakeMovieLocalRepository.swift */ = {isa = PBXFileReference; lastKnownFileType = sourcecode.swift; path = FakeMovieLocalRepository.swift; sourceTree = "<group>"; };
		B4DB3EAD293E83BC008DEE6C /* FakeMovieApiRepository.swift */ = {isa = PBXFileReference; lastKnownFileType = sourcecode.swift; path = FakeMovieApiRepository.swift; sourceTree = "<group>"; };
		B4DB3EAF293E96AB008DEE6C /* StubMovieLocalRepository.swift */ = {isa = PBXFileReference; lastKnownFileType = sourcecode.swift; path = StubMovieLocalRepository.swift; sourceTree = "<group>"; };
		B4EEA7D0292C5CD600E39A79 /* DomainTests.xctest */ = {isa = PBXFileReference; explicitFileType = wrapper.cfbundle; includeInIndex = 0; path = DomainTests.xctest; sourceTree = BUILT_PRODUCTS_DIR; };
		B4EEA7DB292C61C400E39A79 /* MovieServiceTest.swift */ = {isa = PBXFileReference; lastKnownFileType = sourcecode.swift; path = MovieServiceTest.swift; sourceTree = "<group>"; };
		DDE208F46ADB6EE60476C4B3 /* Pods-Domain.debug.xcconfig */ = {isa = PBXFileReference; includeInIndex = 1; lastKnownFileType = text.xcconfig; name = "Pods-Domain.debug.xcconfig"; path = "Target Support Files/Pods-Domain/Pods-Domain.debug.xcconfig"; sourceTree = "<group>"; };
		E2DC61D2873E834077F16D51 /* Pods_Domain.framework */ = {isa = PBXFileReference; explicitFileType = wrapper.framework; includeInIndex = 0; path = Pods_Domain.framework; sourceTree = BUILT_PRODUCTS_DIR; };
		E408171D4AA4CAE74F94C0E9 /* Pods-DomainTests.release.xcconfig */ = {isa = PBXFileReference; includeInIndex = 1; lastKnownFileType = text.xcconfig; name = "Pods-DomainTests.release.xcconfig"; path = "Target Support Files/Pods-DomainTests/Pods-DomainTests.release.xcconfig"; sourceTree = "<group>"; };
/* End PBXFileReference section */

/* Begin PBXFrameworksBuildPhase section */
		B43C7F452901FAA6005A893C /* Frameworks */ = {
			isa = PBXFrameworksBuildPhase;
			buildActionMask = 2147483647;
			files = (
				04D8E96586A2DF053C025C32 /* Pods_Domain.framework in Frameworks */,
			);
			runOnlyForDeploymentPostprocessing = 0;
		};
		B4EEA7CD292C5CD600E39A79 /* Frameworks */ = {
			isa = PBXFrameworksBuildPhase;
			buildActionMask = 2147483647;
			files = (
				B4EEA7D4292C5CD600E39A79 /* Domain.framework in Frameworks */,
				A5BE840532EEE0F1A2698601 /* Pods_Domain_DomainTests.framework in Frameworks */,
			);
			runOnlyForDeploymentPostprocessing = 0;
		};
/* End PBXFrameworksBuildPhase section */

/* Begin PBXGroup section */
		B40118EB290978D000D86716 /* Entity */ = {
			isa = PBXGroup;
			children = (
				B43C7F7929020B03005A893C /* Movie.swift */,
				B4152999292E796200E026DE /* MovieType.swift */,
			);
			path = Entity;
			sourceTree = "<group>";
		};
		B40118EC290978DB00D86716 /* Service */ = {
			isa = PBXGroup;
			children = (
				B43C7F7F29020D55005A893C /* MovieService.swift */,
			);
			name = Service;
			path = ..;
			sourceTree = "<group>";
		};
		B40118ED290978E900D86716 /* Repositories */ = {
			isa = PBXGroup;
			children = (
				B43C7F7D29020D10005A893C /* MovieApiRepository.swift */,
				B43A41E029086E9300A877E1 /* MovieLocalRepository.swift */,
				B4BBC51E29364B22006B29F3 /* MovieRepository.swift */,
			);
			path = Repositories;
			sourceTree = "<group>";
		};
		B40CF2D42928316E00D4E97E /* Location */ = {
			isa = PBXGroup;
			children = (
				B40CF2D52928319B00D4E97E /* Repository */,
			);
			path = Location;
			sourceTree = "<group>";
		};
		B40CF2D52928319B00D4E97E /* Repository */ = {
			isa = PBXGroup;
			children = (
				B40CF2D6292831B800D4E97E /* LocationRepository.swift */,
			);
			path = Repository;
			sourceTree = "<group>";
		};
		B40CF2DC292833A800D4E97E /* Permission */ = {
			isa = PBXGroup;
			children = (
				B40CF2DF292833ED00D4E97E /* Repository */,
			);
			path = Permission;
			sourceTree = "<group>";
		};
		B40CF2DF292833ED00D4E97E /* Repository */ = {
			isa = PBXGroup;
			children = (
				B40CF2DD292833BD00D4E97E /* LocationPermissionChecker.swift */,
			);
			path = Repository;
			sourceTree = "<group>";
		};
		B4152975292E60D400E026DE /* Service */ = {
			isa = PBXGroup;
			children = (
				B47FF20D294CA54100D55E01 /* MovieTestDataBuilder.swift */,
				B4EEA7DB292C61C400E39A79 /* MovieServiceTest.swift */,
				B4DB3EA7293E7614008DEE6C /* MovieServiceTestDouble.swift */,
			);
			path = Service;
			sourceTree = "<group>";
		};
		B4152978292E613C00E026DE /* Repository */ = {
			isa = PBXGroup;
			children = (
				B4152979292E619D00E026DE /* MovieApiRepositoryManualMock.swift */,
				B415297B292E61B900E026DE /* MovieLocalRepositoryManualMock.swift */,
				B4DB3EAD293E83BC008DEE6C /* FakeMovieApiRepository.swift */,
				B4DB3EAB293E7B72008DEE6C /* FakeMovieLocalRepository.swift */,
				B4DB3EA9293E7673008DEE6C /* FakeMovieRepository.swift */,
				B4DB3EAF293E96AB008DEE6C /* StubMovieLocalRepository.swift */,
			);
			path = Repository;
			sourceTree = "<group>";
		};
		B43C7F3E2901FAA6005A893C = {
			isa = PBXGroup;
			children = (
				B43C7F4A2901FAA6005A893C /* Domain */,
				B4EEA7D1292C5CD600E39A79 /* DomainTests */,
				B43C7F492901FAA6005A893C /* Products */,
				CF52F9CEE52D8E9B3B19AA60 /* Pods */,
				EA1F89840835D134A2F5B35B /* Frameworks */,
			);
			sourceTree = "<group>";
		};
		B43C7F492901FAA6005A893C /* Products */ = {
			isa = PBXGroup;
			children = (
				B43C7F482901FAA6005A893C /* Domain.framework */,
				B4EEA7D0292C5CD600E39A79 /* DomainTests.xctest */,
			);
			name = Products;
			sourceTree = "<group>";
		};
		B43C7F4A2901FAA6005A893C /* Domain */ = {
			isa = PBXGroup;
			children = (
				B452C37E29B61767007FE158 /* Expcetions */,
				B4BBC52329369241006B29F3 /* User */,
				B43C7F4B2901FAA6005A893C /* Domain.h */,
				B40CF2D42928316E00D4E97E /* Location */,
				B4418FA629241485004F1F27 /* Movie */,
				B40CF2DC292833A800D4E97E /* Permission */,
			);
			path = Domain;
			sourceTree = "<group>";
		};
		B4418FA629241485004F1F27 /* Movie */ = {
			isa = PBXGroup;
			children = (
				B40118EB290978D000D86716 /* Entity */,
				B40118ED290978E900D86716 /* Repositories */,
				B40118EC290978DB00D86716 /* Service */,
			);
			path = Movie;
			sourceTree = "<group>";
		};
		B452C37E29B61767007FE158 /* Expcetions */ = {
			isa = PBXGroup;
			children = (
				B452C37F29B61781007FE158 /* RuntimeException.swift */,
			);
			path = Expcetions;
			sourceTree = "<group>";
		};
		B4BBC52329369241006B29F3 /* User */ = {
			isa = PBXGroup;
			children = (
				B4BBC52429369263006B29F3 /* User.swift */,
			);
			path = User;
			sourceTree = "<group>";
		};
		B4EEA7D1292C5CD600E39A79 /* DomainTests */ = {
			isa = PBXGroup;
			children = (
				B4EEA7DA292C619E00E39A79 /* Movie */,
			);
			path = DomainTests;
			sourceTree = "<group>";
		};
		B4EEA7DA292C619E00E39A79 /* Movie */ = {
			isa = PBXGroup;
			children = (
				B4298FFF2930FEB600B3D015 /* Data.swift */,
				B4152978292E613C00E026DE /* Repository */,
				B4152975292E60D400E026DE /* Service */,
			);
			path = Movie;
			sourceTree = "<group>";
		};
		CF52F9CEE52D8E9B3B19AA60 /* Pods */ = {
			isa = PBXGroup;
			children = (
				DDE208F46ADB6EE60476C4B3 /* Pods-Domain.debug.xcconfig */,
				6DEC68C57C27342C1FD89E6C /* Pods-Domain.release.xcconfig */,
				662BF2468CE7549C6D710AF9 /* Pods-DomainTests.debug.xcconfig */,
				E408171D4AA4CAE74F94C0E9 /* Pods-DomainTests.release.xcconfig */,
				8D2BA85011107A52709E0195 /* Pods-Domain-DomainTests.debug.xcconfig */,
				0DD80514FCC56CB9BDBED90A /* Pods-Domain-DomainTests.release.xcconfig */,
			);
			name = Pods;
			path = ../Pods;
			sourceTree = "<group>";
		};
		EA1F89840835D134A2F5B35B /* Frameworks */ = {
			isa = PBXGroup;
			children = (
				E2DC61D2873E834077F16D51 /* Pods_Domain.framework */,
				9C0DA1052D9448ACEE6F533A /* Pods_Domain_DomainTests.framework */,
			);
			name = Frameworks;
			sourceTree = "<group>";
		};
/* End PBXGroup section */

/* Begin PBXHeadersBuildPhase section */
		B43C7F432901FAA6005A893C /* Headers */ = {
			isa = PBXHeadersBuildPhase;
			buildActionMask = 2147483647;
			files = (
				B43C7F4C2901FAA6005A893C /* Domain.h in Headers */,
			);
			runOnlyForDeploymentPostprocessing = 0;
		};
/* End PBXHeadersBuildPhase section */

/* Begin PBXNativeTarget section */
		B43C7F472901FAA6005A893C /* Domain */ = {
			isa = PBXNativeTarget;
			buildConfigurationList = B43C7F4F2901FAA6005A893C /* Build configuration list for PBXNativeTarget "Domain" */;
			buildPhases = (
				0A6321294FC99AF54033E051 /* [CP] Check Pods Manifest.lock */,
				B43C7F432901FAA6005A893C /* Headers */,
				B43C7F442901FAA6005A893C /* Sources */,
				B43C7F452901FAA6005A893C /* Frameworks */,
				B43C7F462901FAA6005A893C /* Resources */,
			);
			buildRules = (
			);
			dependencies = (
			);
			name = Domain;
			productName = Domain;
			productReference = B43C7F482901FAA6005A893C /* Domain.framework */;
			productType = "com.apple.product-type.framework";
		};
		B4EEA7CF292C5CD600E39A79 /* DomainTests */ = {
			isa = PBXNativeTarget;
			buildConfigurationList = B4EEA7D9292C5CD600E39A79 /* Build configuration list for PBXNativeTarget "DomainTests" */;
			buildPhases = (
				5328F1D7662973897BA562CB /* [CP] Check Pods Manifest.lock */,
				B4EEA7CC292C5CD600E39A79 /* Sources */,
				B4EEA7CD292C5CD600E39A79 /* Frameworks */,
				B4EEA7CE292C5CD600E39A79 /* Resources */,
				E516526BB5873F7327A974C3 /* [CP] Embed Pods Frameworks */,
			);
			buildRules = (
			);
			dependencies = (
				B4EEA7D6292C5CD600E39A79 /* PBXTargetDependency */,
			);
			name = DomainTests;
			productName = DomainTests;
			productReference = B4EEA7D0292C5CD600E39A79 /* DomainTests.xctest */;
			productType = "com.apple.product-type.bundle.unit-test";
		};
/* End PBXNativeTarget section */

/* Begin PBXProject section */
		B43C7F3F2901FAA6005A893C /* Project object */ = {
			isa = PBXProject;
			attributes = {
				BuildIndependentTargetsInParallel = 1;
				LastSwiftUpdateCheck = 1410;
				LastUpgradeCheck = 1400;
				TargetAttributes = {
					B43C7F472901FAA6005A893C = {
						CreatedOnToolsVersion = 14.0.1;
						LastSwiftMigration = 1400;
					};
					B4EEA7CF292C5CD600E39A79 = {
						CreatedOnToolsVersion = 14.1;
					};
				};
			};
			buildConfigurationList = B43C7F422901FAA6005A893C /* Build configuration list for PBXProject "Domain" */;
			compatibilityVersion = "Xcode 14.0";
			developmentRegion = en;
			hasScannedForEncodings = 0;
			knownRegions = (
				en,
				Base,
			);
			mainGroup = B43C7F3E2901FAA6005A893C;
			productRefGroup = B43C7F492901FAA6005A893C /* Products */;
			projectDirPath = "";
			projectRoot = "";
			targets = (
				B43C7F472901FAA6005A893C /* Domain */,
				B4EEA7CF292C5CD600E39A79 /* DomainTests */,
			);
		};
/* End PBXProject section */

/* Begin PBXResourcesBuildPhase section */
		B43C7F462901FAA6005A893C /* Resources */ = {
			isa = PBXResourcesBuildPhase;
			buildActionMask = 2147483647;
			files = (
			);
			runOnlyForDeploymentPostprocessing = 0;
		};
		B4EEA7CE292C5CD600E39A79 /* Resources */ = {
			isa = PBXResourcesBuildPhase;
			buildActionMask = 2147483647;
			files = (
			);
			runOnlyForDeploymentPostprocessing = 0;
		};
/* End PBXResourcesBuildPhase section */

/* Begin PBXShellScriptBuildPhase section */
		0A6321294FC99AF54033E051 /* [CP] Check Pods Manifest.lock */ = {
			isa = PBXShellScriptBuildPhase;
			buildActionMask = 2147483647;
			files = (
			);
			inputFileListPaths = (
			);
			inputPaths = (
				"${PODS_PODFILE_DIR_PATH}/Podfile.lock",
				"${PODS_ROOT}/Manifest.lock",
			);
			name = "[CP] Check Pods Manifest.lock";
			outputFileListPaths = (
			);
			outputPaths = (
				"$(DERIVED_FILE_DIR)/Pods-Domain-checkManifestLockResult.txt",
			);
			runOnlyForDeploymentPostprocessing = 0;
			shellPath = /bin/sh;
			shellScript = "diff \"${PODS_PODFILE_DIR_PATH}/Podfile.lock\" \"${PODS_ROOT}/Manifest.lock\" > /dev/null\nif [ $? != 0 ] ; then\n    # print error to STDERR\n    echo \"error: The sandbox is not in sync with the Podfile.lock. Run 'pod install' or update your CocoaPods installation.\" >&2\n    exit 1\nfi\n# This output is used by Xcode 'outputs' to avoid re-running this script phase.\necho \"SUCCESS\" > \"${SCRIPT_OUTPUT_FILE_0}\"\n";
			showEnvVarsInLog = 0;
		};
		5328F1D7662973897BA562CB /* [CP] Check Pods Manifest.lock */ = {
			isa = PBXShellScriptBuildPhase;
			buildActionMask = 2147483647;
			files = (
			);
			inputFileListPaths = (
			);
			inputPaths = (
				"${PODS_PODFILE_DIR_PATH}/Podfile.lock",
				"${PODS_ROOT}/Manifest.lock",
			);
			name = "[CP] Check Pods Manifest.lock";
			outputFileListPaths = (
			);
			outputPaths = (
				"$(DERIVED_FILE_DIR)/Pods-Domain-DomainTests-checkManifestLockResult.txt",
			);
			runOnlyForDeploymentPostprocessing = 0;
			shellPath = /bin/sh;
			shellScript = "diff \"${PODS_PODFILE_DIR_PATH}/Podfile.lock\" \"${PODS_ROOT}/Manifest.lock\" > /dev/null\nif [ $? != 0 ] ; then\n    # print error to STDERR\n    echo \"error: The sandbox is not in sync with the Podfile.lock. Run 'pod install' or update your CocoaPods installation.\" >&2\n    exit 1\nfi\n# This output is used by Xcode 'outputs' to avoid re-running this script phase.\necho \"SUCCESS\" > \"${SCRIPT_OUTPUT_FILE_0}\"\n";
			showEnvVarsInLog = 0;
		};
		E516526BB5873F7327A974C3 /* [CP] Embed Pods Frameworks */ = {
			isa = PBXShellScriptBuildPhase;
			buildActionMask = 2147483647;
			files = (
			);
			inputFileListPaths = (
				"${PODS_ROOT}/Target Support Files/Pods-Domain-DomainTests/Pods-Domain-DomainTests-frameworks-${CONFIGURATION}-input-files.xcfilelist",
			);
			name = "[CP] Embed Pods Frameworks";
			outputFileListPaths = (
				"${PODS_ROOT}/Target Support Files/Pods-Domain-DomainTests/Pods-Domain-DomainTests-frameworks-${CONFIGURATION}-output-files.xcfilelist",
			);
			runOnlyForDeploymentPostprocessing = 0;
			shellPath = /bin/sh;
			shellScript = "\"${PODS_ROOT}/Target Support Files/Pods-Domain-DomainTests/Pods-Domain-DomainTests-frameworks.sh\"\n";
			showEnvVarsInLog = 0;
		};
/* End PBXShellScriptBuildPhase section */

/* Begin PBXSourcesBuildPhase section */
		B43C7F442901FAA6005A893C /* Sources */ = {
			isa = PBXSourcesBuildPhase;
			buildActionMask = 2147483647;
			files = (
				B4BBC51F29364B22006B29F3 /* MovieRepository.swift in Sources */,
				B43A41E129086E9300A877E1 /* MovieLocalRepository.swift in Sources */,
				B40CF2D7292831B800D4E97E /* LocationRepository.swift in Sources */,
				B40CF2DE292833BD00D4E97E /* LocationPermissionChecker.swift in Sources */,
				B452C38029B61781007FE158 /* RuntimeException.swift in Sources */,
				B43C7F8029020D55005A893C /* MovieService.swift in Sources */,
				B4BBC52529369263006B29F3 /* User.swift in Sources */,
				B43C7F7A29020B03005A893C /* Movie.swift in Sources */,
				B43C7F7E29020D10005A893C /* MovieApiRepository.swift in Sources */,
				B415299A292E796200E026DE /* MovieType.swift in Sources */,
			);
			runOnlyForDeploymentPostprocessing = 0;
		};
		B4EEA7CC292C5CD600E39A79 /* Sources */ = {
			isa = PBXSourcesBuildPhase;
			buildActionMask = 2147483647;
			files = (
				B4DB3EB0293E96AB008DEE6C /* StubMovieLocalRepository.swift in Sources */,
				B4DB3EAE293E83BC008DEE6C /* FakeMovieApiRepository.swift in Sources */,
				B42990002930FEB600B3D015 /* Data.swift in Sources */,
				B415297A292E619D00E026DE /* MovieApiRepositoryManualMock.swift in Sources */,
				B47FF20E294CA54100D55E01 /* MovieTestDataBuilder.swift in Sources */,
				B415297C292E61B900E026DE /* MovieLocalRepositoryManualMock.swift in Sources */,
				B4DB3EA8293E7614008DEE6C /* MovieServiceTestDouble.swift in Sources */,
				B4DB3EAA293E7673008DEE6C /* FakeMovieRepository.swift in Sources */,
				B4EEA7DC292C61C400E39A79 /* MovieServiceTest.swift in Sources */,
				B4DB3EAC293E7B72008DEE6C /* FakeMovieLocalRepository.swift in Sources */,
			);
			runOnlyForDeploymentPostprocessing = 0;
		};
/* End PBXSourcesBuildPhase section */

/* Begin PBXTargetDependency section */
		B4EEA7D6292C5CD600E39A79 /* PBXTargetDependency */ = {
			isa = PBXTargetDependency;
			platformFilter = ios;
			target = B43C7F472901FAA6005A893C /* Domain */;
			targetProxy = B4EEA7D5292C5CD600E39A79 /* PBXContainerItemProxy */;
		};
/* End PBXTargetDependency section */

/* Begin XCBuildConfiguration section */
		B43C7F4D2901FAA6005A893C /* Debug */ = {
			isa = XCBuildConfiguration;
			buildSettings = {
				ALWAYS_SEARCH_USER_PATHS = NO;
				CLANG_ANALYZER_NONNULL = YES;
				CLANG_ANALYZER_NUMBER_OBJECT_CONVERSION = YES_AGGRESSIVE;
				CLANG_CXX_LANGUAGE_STANDARD = "gnu++20";
				CLANG_ENABLE_MODULES = YES;
				CLANG_ENABLE_OBJC_ARC = YES;
				CLANG_ENABLE_OBJC_WEAK = YES;
				CLANG_WARN_BLOCK_CAPTURE_AUTORELEASING = YES;
				CLANG_WARN_BOOL_CONVERSION = YES;
				CLANG_WARN_COMMA = YES;
				CLANG_WARN_CONSTANT_CONVERSION = YES;
				CLANG_WARN_DEPRECATED_OBJC_IMPLEMENTATIONS = YES;
				CLANG_WARN_DIRECT_OBJC_ISA_USAGE = YES_ERROR;
				CLANG_WARN_DOCUMENTATION_COMMENTS = YES;
				CLANG_WARN_EMPTY_BODY = YES;
				CLANG_WARN_ENUM_CONVERSION = YES;
				CLANG_WARN_INFINITE_RECURSION = YES;
				CLANG_WARN_INT_CONVERSION = YES;
				CLANG_WARN_NON_LITERAL_NULL_CONVERSION = YES;
				CLANG_WARN_OBJC_IMPLICIT_RETAIN_SELF = YES;
				CLANG_WARN_OBJC_LITERAL_CONVERSION = YES;
				CLANG_WARN_OBJC_ROOT_CLASS = YES_ERROR;
				CLANG_WARN_QUOTED_INCLUDE_IN_FRAMEWORK_HEADER = YES;
				CLANG_WARN_RANGE_LOOP_ANALYSIS = YES;
				CLANG_WARN_STRICT_PROTOTYPES = YES;
				CLANG_WARN_SUSPICIOUS_MOVE = YES;
				CLANG_WARN_UNGUARDED_AVAILABILITY = YES_AGGRESSIVE;
				CLANG_WARN_UNREACHABLE_CODE = YES;
				CLANG_WARN__DUPLICATE_METHOD_MATCH = YES;
				COPY_PHASE_STRIP = NO;
				CURRENT_PROJECT_VERSION = 1;
				DEBUG_INFORMATION_FORMAT = dwarf;
				ENABLE_STRICT_OBJC_MSGSEND = YES;
				ENABLE_TESTABILITY = YES;
				GCC_C_LANGUAGE_STANDARD = gnu11;
				GCC_DYNAMIC_NO_PIC = NO;
				GCC_NO_COMMON_BLOCKS = YES;
				GCC_OPTIMIZATION_LEVEL = 0;
				GCC_PREPROCESSOR_DEFINITIONS = (
					"DEBUG=1",
					"$(inherited)",
				);
				GCC_WARN_64_TO_32_BIT_CONVERSION = YES;
				GCC_WARN_ABOUT_RETURN_TYPE = YES_ERROR;
				GCC_WARN_UNDECLARED_SELECTOR = YES;
				GCC_WARN_UNINITIALIZED_AUTOS = YES_AGGRESSIVE;
				GCC_WARN_UNUSED_FUNCTION = YES;
				GCC_WARN_UNUSED_VARIABLE = YES;
				IPHONEOS_DEPLOYMENT_TARGET = 16.0;
				MTL_ENABLE_DEBUG_INFO = INCLUDE_SOURCE;
				MTL_FAST_MATH = YES;
				ONLY_ACTIVE_ARCH = YES;
				SDKROOT = iphoneos;
				SWIFT_ACTIVE_COMPILATION_CONDITIONS = DEBUG;
				SWIFT_OPTIMIZATION_LEVEL = "-Onone";
				VERSIONING_SYSTEM = "apple-generic";
				VERSION_INFO_PREFIX = "";
			};
			name = Debug;
		};
		B43C7F4E2901FAA6005A893C /* Release */ = {
			isa = XCBuildConfiguration;
			buildSettings = {
				ALWAYS_SEARCH_USER_PATHS = NO;
				CLANG_ANALYZER_NONNULL = YES;
				CLANG_ANALYZER_NUMBER_OBJECT_CONVERSION = YES_AGGRESSIVE;
				CLANG_CXX_LANGUAGE_STANDARD = "gnu++20";
				CLANG_ENABLE_MODULES = YES;
				CLANG_ENABLE_OBJC_ARC = YES;
				CLANG_ENABLE_OBJC_WEAK = YES;
				CLANG_WARN_BLOCK_CAPTURE_AUTORELEASING = YES;
				CLANG_WARN_BOOL_CONVERSION = YES;
				CLANG_WARN_COMMA = YES;
				CLANG_WARN_CONSTANT_CONVERSION = YES;
				CLANG_WARN_DEPRECATED_OBJC_IMPLEMENTATIONS = YES;
				CLANG_WARN_DIRECT_OBJC_ISA_USAGE = YES_ERROR;
				CLANG_WARN_DOCUMENTATION_COMMENTS = YES;
				CLANG_WARN_EMPTY_BODY = YES;
				CLANG_WARN_ENUM_CONVERSION = YES;
				CLANG_WARN_INFINITE_RECURSION = YES;
				CLANG_WARN_INT_CONVERSION = YES;
				CLANG_WARN_NON_LITERAL_NULL_CONVERSION = YES;
				CLANG_WARN_OBJC_IMPLICIT_RETAIN_SELF = YES;
				CLANG_WARN_OBJC_LITERAL_CONVERSION = YES;
				CLANG_WARN_OBJC_ROOT_CLASS = YES_ERROR;
				CLANG_WARN_QUOTED_INCLUDE_IN_FRAMEWORK_HEADER = YES;
				CLANG_WARN_RANGE_LOOP_ANALYSIS = YES;
				CLANG_WARN_STRICT_PROTOTYPES = YES;
				CLANG_WARN_SUSPICIOUS_MOVE = YES;
				CLANG_WARN_UNGUARDED_AVAILABILITY = YES_AGGRESSIVE;
				CLANG_WARN_UNREACHABLE_CODE = YES;
				CLANG_WARN__DUPLICATE_METHOD_MATCH = YES;
				COPY_PHASE_STRIP = NO;
				CURRENT_PROJECT_VERSION = 1;
				DEBUG_INFORMATION_FORMAT = "dwarf-with-dsym";
				ENABLE_NS_ASSERTIONS = NO;
				ENABLE_STRICT_OBJC_MSGSEND = YES;
				GCC_C_LANGUAGE_STANDARD = gnu11;
				GCC_NO_COMMON_BLOCKS = YES;
				GCC_WARN_64_TO_32_BIT_CONVERSION = YES;
				GCC_WARN_ABOUT_RETURN_TYPE = YES_ERROR;
				GCC_WARN_UNDECLARED_SELECTOR = YES;
				GCC_WARN_UNINITIALIZED_AUTOS = YES_AGGRESSIVE;
				GCC_WARN_UNUSED_FUNCTION = YES;
				GCC_WARN_UNUSED_VARIABLE = YES;
				IPHONEOS_DEPLOYMENT_TARGET = 16.0;
				MTL_ENABLE_DEBUG_INFO = NO;
				MTL_FAST_MATH = YES;
				SDKROOT = iphoneos;
				SWIFT_COMPILATION_MODE = wholemodule;
				SWIFT_OPTIMIZATION_LEVEL = "-O";
				VALIDATE_PRODUCT = YES;
				VERSIONING_SYSTEM = "apple-generic";
				VERSION_INFO_PREFIX = "";
			};
			name = Release;
		};
		B43C7F502901FAA6005A893C /* Debug */ = {
			isa = XCBuildConfiguration;
			baseConfigurationReference = DDE208F46ADB6EE60476C4B3 /* Pods-Domain.debug.xcconfig */;
			buildSettings = {
				CLANG_ENABLE_MODULES = YES;
				CODE_SIGN_STYLE = Automatic;
				CURRENT_PROJECT_VERSION = 1;
				DEFINES_MODULE = YES;
				DYLIB_COMPATIBILITY_VERSION = 1;
				DYLIB_CURRENT_VERSION = 1;
				DYLIB_INSTALL_NAME_BASE = "@rpath";
				GENERATE_INFOPLIST_FILE = YES;
				INFOPLIST_KEY_NSHumanReadableCopyright = "";
				INSTALL_PATH = "$(LOCAL_LIBRARY_DIR)/Frameworks";
				IPHONEOS_DEPLOYMENT_TARGET = 14.0;
				LD_RUNPATH_SEARCH_PATHS = (
					"$(inherited)",
					"@executable_path/Frameworks",
					"@loader_path/Frameworks",
				);
				MARKETING_VERSION = 1.0;
				PRODUCT_BUNDLE_IDENTIFIER = co.jonathan.Domain;
				PRODUCT_NAME = "$(TARGET_NAME:c99extidentifier)";
				SKIP_INSTALL = YES;
				SUPPORTED_PLATFORMS = "iphoneos iphonesimulator";
				SUPPORTS_MACCATALYST = NO;
				SUPPORTS_MAC_DESIGNED_FOR_IPHONE_IPAD = NO;
				SWIFT_EMIT_LOC_STRINGS = YES;
				SWIFT_OPTIMIZATION_LEVEL = "-Onone";
				SWIFT_VERSION = 5.0;
				TARGETED_DEVICE_FAMILY = "1,2";
			};
			name = Debug;
		};
		B43C7F512901FAA6005A893C /* Release */ = {
			isa = XCBuildConfiguration;
			baseConfigurationReference = 6DEC68C57C27342C1FD89E6C /* Pods-Domain.release.xcconfig */;
			buildSettings = {
				CLANG_ENABLE_MODULES = YES;
				CODE_SIGN_STYLE = Automatic;
				CURRENT_PROJECT_VERSION = 1;
				DEFINES_MODULE = YES;
				DYLIB_COMPATIBILITY_VERSION = 1;
				DYLIB_CURRENT_VERSION = 1;
				DYLIB_INSTALL_NAME_BASE = "@rpath";
				GENERATE_INFOPLIST_FILE = YES;
				INFOPLIST_KEY_NSHumanReadableCopyright = "";
				INSTALL_PATH = "$(LOCAL_LIBRARY_DIR)/Frameworks";
				IPHONEOS_DEPLOYMENT_TARGET = 14.0;
				LD_RUNPATH_SEARCH_PATHS = (
					"$(inherited)",
					"@executable_path/Frameworks",
					"@loader_path/Frameworks",
				);
				MARKETING_VERSION = 1.0;
				PRODUCT_BUNDLE_IDENTIFIER = co.jonathan.Domain;
				PRODUCT_NAME = "$(TARGET_NAME:c99extidentifier)";
				SKIP_INSTALL = YES;
				SUPPORTED_PLATFORMS = "iphoneos iphonesimulator";
				SUPPORTS_MACCATALYST = NO;
				SUPPORTS_MAC_DESIGNED_FOR_IPHONE_IPAD = NO;
				SWIFT_EMIT_LOC_STRINGS = YES;
				SWIFT_VERSION = 5.0;
				TARGETED_DEVICE_FAMILY = "1,2";
			};
			name = Release;
		};
		B4EEA7D7292C5CD600E39A79 /* Debug */ = {
			isa = XCBuildConfiguration;
			baseConfigurationReference = 8D2BA85011107A52709E0195 /* Pods-Domain-DomainTests.debug.xcconfig */;
			buildSettings = {
				CODE_SIGN_STYLE = Automatic;
				CURRENT_PROJECT_VERSION = 1;
				DEVELOPMENT_TEAM = ZF7B3Q8YLK;
				GENERATE_INFOPLIST_FILE = YES;
				IPHONEOS_DEPLOYMENT_TARGET = 14.0;
				MARKETING_VERSION = 1.0;
				PRODUCT_BUNDLE_IDENTIFIER = co.jonathan.DomainTests;
				PRODUCT_NAME = "$(TARGET_NAME)";
				SUPPORTED_PLATFORMS = "iphoneos iphonesimulator";
				SUPPORTS_MACCATALYST = NO;
				SUPPORTS_MAC_DESIGNED_FOR_IPHONE_IPAD = NO;
				SWIFT_EMIT_LOC_STRINGS = NO;
				SWIFT_VERSION = 5.0;
				TARGETED_DEVICE_FAMILY = "1,2";
			};
			name = Debug;
		};
		B4EEA7D8292C5CD600E39A79 /* Release */ = {
			isa = XCBuildConfiguration;
			baseConfigurationReference = 0DD80514FCC56CB9BDBED90A /* Pods-Domain-DomainTests.release.xcconfig */;
			buildSettings = {
				CODE_SIGN_STYLE = Automatic;
				CURRENT_PROJECT_VERSION = 1;
				DEVELOPMENT_TEAM = ZF7B3Q8YLK;
				GENERATE_INFOPLIST_FILE = YES;
				IPHONEOS_DEPLOYMENT_TARGET = 14.0;
				MARKETING_VERSION = 1.0;
				PRODUCT_BUNDLE_IDENTIFIER = co.jonathan.DomainTests;
				PRODUCT_NAME = "$(TARGET_NAME)";
				SUPPORTED_PLATFORMS = "iphoneos iphonesimulator";
				SUPPORTS_MACCATALYST = NO;
				SUPPORTS_MAC_DESIGNED_FOR_IPHONE_IPAD = NO;
				SWIFT_EMIT_LOC_STRINGS = NO;
				SWIFT_VERSION = 5.0;
				TARGETED_DEVICE_FAMILY = "1,2";
			};
			name = Release;
		};
/* End XCBuildConfiguration section */

/* Begin XCConfigurationList section */
		B43C7F422901FAA6005A893C /* Build configuration list for PBXProject "Domain" */ = {
			isa = XCConfigurationList;
			buildConfigurations = (
				B43C7F4D2901FAA6005A893C /* Debug */,
				B43C7F4E2901FAA6005A893C /* Release */,
			);
			defaultConfigurationIsVisible = 0;
			defaultConfigurationName = Release;
		};
		B43C7F4F2901FAA6005A893C /* Build configuration list for PBXNativeTarget "Domain" */ = {
			isa = XCConfigurationList;
			buildConfigurations = (
				B43C7F502901FAA6005A893C /* Debug */,
				B43C7F512901FAA6005A893C /* Release */,
			);
			defaultConfigurationIsVisible = 0;
			defaultConfigurationName = Release;
		};
		B4EEA7D9292C5CD600E39A79 /* Build configuration list for PBXNativeTarget "DomainTests" */ = {
			isa = XCConfigurationList;
			buildConfigurations = (
				B4EEA7D7292C5CD600E39A79 /* Debug */,
				B4EEA7D8292C5CD600E39A79 /* Release */,
			);
			defaultConfigurationIsVisible = 0;
			defaultConfigurationName = Release;
		};
/* End XCConfigurationList section */
	};
	rootObject = B43C7F3F2901FAA6005A893C /* Project object */;
}
